// !$*UTF8*$!
{
	archiveVersion = 1;
	classes = {
	};
	objectVersion = 56;
	objects = {

/* Begin PBXBuildFile section */
		E919EC0E2A608FBB00B6022C /* GroupScreen.swift in Sources */ = {isa = PBXBuildFile; fileRef = E919EC0C2A608FB300B6022C /* GroupScreen.swift */; };
		E919EC112A61A94400B6022C /* GroupScreenViewModel.swift in Sources */ = {isa = PBXBuildFile; fileRef = E919EC0F2A61A84900B6022C /* GroupScreenViewModel.swift */; };
		E919EC142A61B8CD00B6022C /* VolumeControlView.swift in Sources */ = {isa = PBXBuildFile; fileRef = E919EC122A61B8C700B6022C /* VolumeControlView.swift */; };
		E94F6B0E2A5093BF000240A6 /* PlayerView.swift in Sources */ = {isa = PBXBuildFile; fileRef = E94F6B0D2A5093BF000240A6 /* PlayerView.swift */; };
		E94F6B102A54D0F0000240A6 /* SceneBuilderScreen.swift in Sources */ = {isa = PBXBuildFile; fileRef = E94F6B0F2A54D0F0000240A6 /* SceneBuilderScreen.swift */; };
		E955083F2A4C8D2C0066EBAF /* GroupScreen.swift in Sources */ = {isa = PBXBuildFile; fileRef = E955083E2A4C8D2C0066EBAF /* GroupScreen.swift */; };
		E96396352A3B723B00518A17 /* ArtworkView.swift in Sources */ = {isa = PBXBuildFile; fileRef = E96396342A3B723B00518A17 /* ArtworkView.swift */; };
		E96396372A3B8F5200518A17 /* ZoneView.swift in Sources */ = {isa = PBXBuildFile; fileRef = E96396362A3B8F5200518A17 /* ZoneView.swift */; };
		E963963F2A3CD3AE00518A17 /* MusicSearchScreen.swift in Sources */ = {isa = PBXBuildFile; fileRef = E963963E2A3CD3AE00518A17 /* MusicSearchScreen.swift */; };
		E97353452A3956A6007EA5A8 /* SonosDeviceQuery.swift in Sources */ = {isa = PBXBuildFile; fileRef = E97353432A395699007EA5A8 /* SonosDeviceQuery.swift */; };
		E97C0D432A325CC5005AB0E0 /* WidgetKit.framework in Frameworks */ = {isa = PBXBuildFile; fileRef = E97C0D422A325CC5005AB0E0 /* WidgetKit.framework */; };
		E97C0D452A325CC5005AB0E0 /* SwiftUI.framework in Frameworks */ = {isa = PBXBuildFile; fileRef = E97C0D442A325CC5005AB0E0 /* SwiftUI.framework */; };
		E97C0D482A325CC5005AB0E0 /* WidgetBundle.swift in Sources */ = {isa = PBXBuildFile; fileRef = E97C0D472A325CC5005AB0E0 /* WidgetBundle.swift */; };
		E97C0D4A2A325CC5005AB0E0 /* LiveActivityNowPlayingWidget.swift in Sources */ = {isa = PBXBuildFile; fileRef = E97C0D492A325CC5005AB0E0 /* LiveActivityNowPlayingWidget.swift */; };
		E97C0D4C2A325CC5005AB0E0 /* RemoteWidget.swift in Sources */ = {isa = PBXBuildFile; fileRef = E97C0D4B2A325CC5005AB0E0 /* RemoteWidget.swift */; };
		E97C0D4E2A325CC5005AB0E0 /* RemoteWidgetConfigurationIntent.swift in Sources */ = {isa = PBXBuildFile; fileRef = E97C0D4D2A325CC5005AB0E0 /* RemoteWidgetConfigurationIntent.swift */; };
		E97C0D502A325CC6005AB0E0 /* Assets.xcassets in Resources */ = {isa = PBXBuildFile; fileRef = E97C0D4F2A325CC6005AB0E0 /* Assets.xcassets */; };
		E97C0D542A325CC6005AB0E0 /* Widgets.appex in Embed Foundation Extensions */ = {isa = PBXBuildFile; fileRef = E97C0D412A325CC5005AB0E0 /* Widgets.appex */; settings = {ATTRIBUTES = (RemoveHeadersOnCopy, ); }; };
		E97C0D5B2A326B15005AB0E0 /* PlayPauseIntent.swift in Sources */ = {isa = PBXBuildFile; fileRef = E97C0D592A32687D005AB0E0 /* PlayPauseIntent.swift */; };
		E97C0D5D2A326D25005AB0E0 /* SonosKit in Frameworks */ = {isa = PBXBuildFile; productRef = E97C0D5C2A326D25005AB0E0 /* SonosKit */; };
		E97C0D672A33D787005AB0E0 /* NowPlayingWidgetConfigurationIntent.swift in Sources */ = {isa = PBXBuildFile; fileRef = E97C0D652A33D657005AB0E0 /* NowPlayingWidgetConfigurationIntent.swift */; };
		E97C0D682A33D78F005AB0E0 /* NowPlayingWidget.swift in Sources */ = {isa = PBXBuildFile; fileRef = E97C0D622A33D5F9005AB0E0 /* NowPlayingWidget.swift */; };
		E97C0D6B2A38FBDD005AB0E0 /* SetRelativeGroupVolumeIntent.swift in Sources */ = {isa = PBXBuildFile; fileRef = E97C0D692A38FBAB005AB0E0 /* SetRelativeGroupVolumeIntent.swift */; };
		E985278D2A5E0848009016C2 /* LiveActivityNowPlayingWidget.swift in Sources */ = {isa = PBXBuildFile; fileRef = E97C0D492A325CC5005AB0E0 /* LiveActivityNowPlayingWidget.swift */; };
		E985278E2A5E0864009016C2 /* SonosDeviceEntity.swift in Sources */ = {isa = PBXBuildFile; fileRef = E9C03B142A5A192300FB9118 /* SonosDeviceEntity.swift */; };
		E985278F2A5E5955009016C2 /* SonosDeviceQuery.swift in Sources */ = {isa = PBXBuildFile; fileRef = E97353432A395699007EA5A8 /* SonosDeviceQuery.swift */; };
		E98527902A5E59AC009016C2 /* NextIntent.swift in Sources */ = {isa = PBXBuildFile; fileRef = E9C03B172A5A196200FB9118 /* NextIntent.swift */; };
		E98527912A5E59B0009016C2 /* PlayPauseIntent.swift in Sources */ = {isa = PBXBuildFile; fileRef = E97C0D592A32687D005AB0E0 /* PlayPauseIntent.swift */; };
		E98527922A5E59B8009016C2 /* SetRelativeGroupVolumeIntent.swift in Sources */ = {isa = PBXBuildFile; fileRef = E97C0D692A38FBAB005AB0E0 /* SetRelativeGroupVolumeIntent.swift */; };
		E98527942A5E5C90009016C2 /* Live.swift in Sources */ = {isa = PBXBuildFile; fileRef = E98527932A5E5C90009016C2 /* Live.swift */; };
		E98527952A5E5C99009016C2 /* Live.swift in Sources */ = {isa = PBXBuildFile; fileRef = E98527932A5E5C90009016C2 /* Live.swift */; };
		E992B6EB2A645B8D00FD6380 /* LargePlayerView.swift in Sources */ = {isa = PBXBuildFile; fileRef = E992B6E82A645B6600FD6380 /* LargePlayerView.swift */; };
		E992B6ED2A65AE4A00FD6380 /* GroupScreenViewModel.swift in Sources */ = {isa = PBXBuildFile; fileRef = E992B6EC2A65AE4A00FD6380 /* GroupScreenViewModel.swift */; };
		E9B12B4A2A5F2E3D0008868C /* RemoteWidgetEntryView.swift in Sources */ = {isa = PBXBuildFile; fileRef = E9B12B482A5F2DC70008868C /* RemoteWidgetEntryView.swift */; };
		E9B12B542A5F31790008868C /* WidgetKit.framework in Frameworks */ = {isa = PBXBuildFile; fileRef = E97C0D422A325CC5005AB0E0 /* WidgetKit.framework */; };
		E9B12B552A5F31790008868C /* SwiftUI.framework in Frameworks */ = {isa = PBXBuildFile; fileRef = E97C0D442A325CC5005AB0E0 /* SwiftUI.framework */; };
		E9B12B582A5F31790008868C /* WatchTimelineProvider.swift in Sources */ = {isa = PBXBuildFile; fileRef = E9B12B572A5F31790008868C /* WatchTimelineProvider.swift */; };
		E9B12B5A2A5F31790008868C /* WatchConfigurationIntent.swift in Sources */ = {isa = PBXBuildFile; fileRef = E9B12B592A5F31790008868C /* WatchConfigurationIntent.swift */; };
		E9B12B5C2A5F317B0008868C /* Assets.xcassets in Resources */ = {isa = PBXBuildFile; fileRef = E9B12B5B2A5F317B0008868C /* Assets.xcassets */; };
		E9B12B602A5F317B0008868C /* Widgets Watch.appex in Embed Foundation Extensions */ = {isa = PBXBuildFile; fileRef = E9B12B532A5F31790008868C /* Widgets Watch.appex */; settings = {ATTRIBUTES = (RemoveHeadersOnCopy, ); }; };
		E9B3EDD02A4F855B00F9D70C /* SceneView.swift in Sources */ = {isa = PBXBuildFile; fileRef = E9B3EDCF2A4F855B00F9D70C /* SceneView.swift */; };
		E9BDE57029E3396700D230A8 /* SonosApp.swift in Sources */ = {isa = PBXBuildFile; fileRef = E9BDE56F29E3396700D230A8 /* SonosApp.swift */; };
		E9BDE57229E3396700D230A8 /* ContentView.swift in Sources */ = {isa = PBXBuildFile; fileRef = E9BDE57129E3396700D230A8 /* ContentView.swift */; };
		E9BDE57429E3396800D230A8 /* Assets.xcassets in Resources */ = {isa = PBXBuildFile; fileRef = E9BDE57329E3396800D230A8 /* Assets.xcassets */; };
		E9BDE57729E3396800D230A8 /* Preview Assets.xcassets in Resources */ = {isa = PBXBuildFile; fileRef = E9BDE57629E3396800D230A8 /* Preview Assets.xcassets */; };
		E9BDE58029E33B0700D230A8 /* SonosKit in Frameworks */ = {isa = PBXBuildFile; productRef = E9BDE57F29E33B0700D230A8 /* SonosKit */; };
		E9C03AF72A57668800FB9118 /* VolumeControlView.swift in Sources */ = {isa = PBXBuildFile; fileRef = E9C03AF62A57668800FB9118 /* VolumeControlView.swift */; };
		E9C03AFF2A586F5E00FB9118 /* ClicWatchApp.swift in Sources */ = {isa = PBXBuildFile; fileRef = E9C03AFE2A586F5E00FB9118 /* ClicWatchApp.swift */; };
		E9C03B012A586F5E00FB9118 /* ContentView.swift in Sources */ = {isa = PBXBuildFile; fileRef = E9C03B002A586F5E00FB9118 /* ContentView.swift */; };
		E9C03B032A586F6100FB9118 /* Assets.xcassets in Resources */ = {isa = PBXBuildFile; fileRef = E9C03B022A586F6100FB9118 /* Assets.xcassets */; };
		E9C03B062A586F6100FB9118 /* Preview Assets.xcassets in Resources */ = {isa = PBXBuildFile; fileRef = E9C03B052A586F6100FB9118 /* Preview Assets.xcassets */; };
		E9C03B092A586F6100FB9118 /* Clic Watch.app in Embed Watch Content */ = {isa = PBXBuildFile; fileRef = E9C03AFC2A586F5E00FB9118 /* Clic Watch.app */; settings = {ATTRIBUTES = (RemoveHeadersOnCopy, ); }; };
		E9C03B0F2A586F7E00FB9118 /* SonosKit in Frameworks */ = {isa = PBXBuildFile; productRef = E9C03B0E2A586F7E00FB9118 /* SonosKit */; };
		E9C03B122A58721F00FB9118 /* PlayerView.swift in Sources */ = {isa = PBXBuildFile; fileRef = E9C03B112A58721F00FB9118 /* PlayerView.swift */; };
		E9C03B162A5A195300FB9118 /* SonosDeviceEntity.swift in Sources */ = {isa = PBXBuildFile; fileRef = E9C03B142A5A192300FB9118 /* SonosDeviceEntity.swift */; };
		E9C03B192A5A196A00FB9118 /* NextIntent.swift in Sources */ = {isa = PBXBuildFile; fileRef = E9C03B172A5A196200FB9118 /* NextIntent.swift */; };
		E9DAE4922A5F59A600B03199 /* WatchWidgetView.swift in Sources */ = {isa = PBXBuildFile; fileRef = E9DAE4902A5F599700B03199 /* WatchWidgetView.swift */; };
		E9DAE4962A5F5A0C00B03199 /* WidgetBundle.swift in Sources */ = {isa = PBXBuildFile; fileRef = E9DAE4932A5F59D100B03199 /* WidgetBundle.swift */; };
		E9DAE4992A5F5BDB00B03199 /* WatchWidget.swift in Sources */ = {isa = PBXBuildFile; fileRef = E9DAE4972A5F5BC700B03199 /* WatchWidget.swift */; };
		E9DAE49C2A5FABBF00B03199 /* NowPlayingView.swift in Sources */ = {isa = PBXBuildFile; fileRef = E9DAE49B2A5FABBF00B03199 /* NowPlayingView.swift */; };
		E9DAE49E2A5FACD400B03199 /* NowPlayingWidgetProvider.swift in Sources */ = {isa = PBXBuildFile; fileRef = E9DAE49D2A5FACD400B03199 /* NowPlayingWidgetProvider.swift */; };
		E9DE849A2A66F87C004C3947 /* RemoteWidgetRectangularView.swift in Sources */ = {isa = PBXBuildFile; fileRef = E9DE84992A66F87C004C3947 /* RemoteWidgetRectangularView.swift */; };
		E9DE849E2A6707E1004C3947 /* Preview Assets.xcassets in Resources */ = {isa = PBXBuildFile; fileRef = E9DE849D2A6707E1004C3947 /* Preview Assets.xcassets */; };
		E9DE84A02A673321004C3947 /* LiveActivityNowPlayingView.swift in Sources */ = {isa = PBXBuildFile; fileRef = E9DE849F2A673321004C3947 /* LiveActivityNowPlayingView.swift */; };
		E9DE84A12A6734EA004C3947 /* LiveActivityNowPlayingView.swift in Sources */ = {isa = PBXBuildFile; fileRef = E9DE849F2A673321004C3947 /* LiveActivityNowPlayingView.swift */; };
/* End PBXBuildFile section */

/* Begin PBXContainerItemProxy section */
		E97C0D522A325CC6005AB0E0 /* PBXContainerItemProxy */ = {
			isa = PBXContainerItemProxy;
			containerPortal = E9BDE56429E3396700D230A8 /* Project object */;
			proxyType = 1;
			remoteGlobalIDString = E97C0D402A325CC5005AB0E0;
			remoteInfo = SonosWidgetExtension;
		};
		E9B12B5E2A5F317B0008868C /* PBXContainerItemProxy */ = {
			isa = PBXContainerItemProxy;
			containerPortal = E9BDE56429E3396700D230A8 /* Project object */;
			proxyType = 1;
			remoteGlobalIDString = E9B12B522A5F31790008868C;
			remoteInfo = WatchWidgetsExtension;
		};
		E9C03B072A586F6100FB9118 /* PBXContainerItemProxy */ = {
			isa = PBXContainerItemProxy;
			containerPortal = E9BDE56429E3396700D230A8 /* Project object */;
			proxyType = 1;
			remoteGlobalIDString = E9C03AFB2A586F5E00FB9118;
			remoteInfo = "SonosWatch Watch App";
		};
/* End PBXContainerItemProxy section */

/* Begin PBXCopyFilesBuildPhase section */
		E97C0D582A325CC6005AB0E0 /* Embed Foundation Extensions */ = {
			isa = PBXCopyFilesBuildPhase;
			buildActionMask = 2147483647;
			dstPath = "";
			dstSubfolderSpec = 13;
			files = (
				E97C0D542A325CC6005AB0E0 /* Widgets.appex in Embed Foundation Extensions */,
			);
			name = "Embed Foundation Extensions";
			runOnlyForDeploymentPostprocessing = 0;
		};
		E9B12B642A5F317B0008868C /* Embed Foundation Extensions */ = {
			isa = PBXCopyFilesBuildPhase;
			buildActionMask = 2147483647;
			dstPath = "";
			dstSubfolderSpec = 13;
			files = (
				E9B12B602A5F317B0008868C /* Widgets Watch.appex in Embed Foundation Extensions */,
			);
			name = "Embed Foundation Extensions";
			runOnlyForDeploymentPostprocessing = 0;
		};
		E9C03B0D2A586F6100FB9118 /* Embed Watch Content */ = {
			isa = PBXCopyFilesBuildPhase;
			buildActionMask = 2147483647;
			dstPath = "$(CONTENTS_FOLDER_PATH)/Watch";
			dstSubfolderSpec = 16;
			files = (
				E9C03B092A586F6100FB9118 /* Clic Watch.app in Embed Watch Content */,
			);
			name = "Embed Watch Content";
			runOnlyForDeploymentPostprocessing = 0;
		};
/* End PBXCopyFilesBuildPhase section */

/* Begin PBXFileReference section */
		E919EC0C2A608FB300B6022C /* GroupScreen.swift */ = {isa = PBXFileReference; lastKnownFileType = sourcecode.swift; path = GroupScreen.swift; sourceTree = "<group>"; };
		E919EC0F2A61A84900B6022C /* GroupScreenViewModel.swift */ = {isa = PBXFileReference; lastKnownFileType = sourcecode.swift; path = GroupScreenViewModel.swift; sourceTree = "<group>"; };
		E919EC122A61B8C700B6022C /* VolumeControlView.swift */ = {isa = PBXFileReference; lastKnownFileType = sourcecode.swift; path = VolumeControlView.swift; sourceTree = "<group>"; };
		E94F6B0D2A5093BF000240A6 /* PlayerView.swift */ = {isa = PBXFileReference; lastKnownFileType = sourcecode.swift; path = PlayerView.swift; sourceTree = "<group>"; };
		E94F6B0F2A54D0F0000240A6 /* SceneBuilderScreen.swift */ = {isa = PBXFileReference; lastKnownFileType = sourcecode.swift; path = SceneBuilderScreen.swift; sourceTree = "<group>"; };
		E955083E2A4C8D2C0066EBAF /* GroupScreen.swift */ = {isa = PBXFileReference; lastKnownFileType = sourcecode.swift; path = GroupScreen.swift; sourceTree = "<group>"; };
		E96396332A3B700900518A17 /* MusicSearchKit */ = {isa = PBXFileReference; lastKnownFileType = wrapper; path = MusicSearchKit; sourceTree = "<group>"; };
		E96396342A3B723B00518A17 /* ArtworkView.swift */ = {isa = PBXFileReference; lastKnownFileType = sourcecode.swift; path = ArtworkView.swift; sourceTree = "<group>"; };
		E96396362A3B8F5200518A17 /* ZoneView.swift */ = {isa = PBXFileReference; lastKnownFileType = sourcecode.swift; path = ZoneView.swift; sourceTree = "<group>"; };
		E963963E2A3CD3AE00518A17 /* MusicSearchScreen.swift */ = {isa = PBXFileReference; lastKnownFileType = sourcecode.swift; path = MusicSearchScreen.swift; sourceTree = "<group>"; };
		E97353432A395699007EA5A8 /* SonosDeviceQuery.swift */ = {isa = PBXFileReference; lastKnownFileType = sourcecode.swift; path = SonosDeviceQuery.swift; sourceTree = "<group>"; };
		E97C0D412A325CC5005AB0E0 /* Widgets.appex */ = {isa = PBXFileReference; explicitFileType = "wrapper.app-extension"; includeInIndex = 0; path = Widgets.appex; sourceTree = BUILT_PRODUCTS_DIR; };
		E97C0D422A325CC5005AB0E0 /* WidgetKit.framework */ = {isa = PBXFileReference; lastKnownFileType = wrapper.framework; name = WidgetKit.framework; path = System/Library/Frameworks/WidgetKit.framework; sourceTree = SDKROOT; };
		E97C0D442A325CC5005AB0E0 /* SwiftUI.framework */ = {isa = PBXFileReference; lastKnownFileType = wrapper.framework; name = SwiftUI.framework; path = System/Library/Frameworks/SwiftUI.framework; sourceTree = SDKROOT; };
		E97C0D472A325CC5005AB0E0 /* WidgetBundle.swift */ = {isa = PBXFileReference; lastKnownFileType = sourcecode.swift; path = WidgetBundle.swift; sourceTree = "<group>"; };
		E97C0D492A325CC5005AB0E0 /* LiveActivityNowPlayingWidget.swift */ = {isa = PBXFileReference; lastKnownFileType = sourcecode.swift; path = LiveActivityNowPlayingWidget.swift; sourceTree = "<group>"; };
		E97C0D4B2A325CC5005AB0E0 /* RemoteWidget.swift */ = {isa = PBXFileReference; lastKnownFileType = sourcecode.swift; path = RemoteWidget.swift; sourceTree = "<group>"; };
		E97C0D4D2A325CC5005AB0E0 /* RemoteWidgetConfigurationIntent.swift */ = {isa = PBXFileReference; lastKnownFileType = sourcecode.swift; path = RemoteWidgetConfigurationIntent.swift; sourceTree = "<group>"; };
		E97C0D4F2A325CC6005AB0E0 /* Assets.xcassets */ = {isa = PBXFileReference; lastKnownFileType = folder.assetcatalog; path = Assets.xcassets; sourceTree = "<group>"; };
		E97C0D512A325CC6005AB0E0 /* Info.plist */ = {isa = PBXFileReference; lastKnownFileType = text.plist.xml; path = Info.plist; sourceTree = "<group>"; };
		E97C0D592A32687D005AB0E0 /* PlayPauseIntent.swift */ = {isa = PBXFileReference; lastKnownFileType = sourcecode.swift; path = PlayPauseIntent.swift; sourceTree = "<group>"; };
		E97C0D622A33D5F9005AB0E0 /* NowPlayingWidget.swift */ = {isa = PBXFileReference; lastKnownFileType = sourcecode.swift; path = NowPlayingWidget.swift; sourceTree = "<group>"; };
		E97C0D652A33D657005AB0E0 /* NowPlayingWidgetConfigurationIntent.swift */ = {isa = PBXFileReference; lastKnownFileType = sourcecode.swift; path = NowPlayingWidgetConfigurationIntent.swift; sourceTree = "<group>"; };
		E97C0D692A38FBAB005AB0E0 /* SetRelativeGroupVolumeIntent.swift */ = {isa = PBXFileReference; lastKnownFileType = sourcecode.swift; path = SetRelativeGroupVolumeIntent.swift; sourceTree = "<group>"; };
		E98527932A5E5C90009016C2 /* Live.swift */ = {isa = PBXFileReference; lastKnownFileType = sourcecode.swift; path = Live.swift; sourceTree = "<group>"; };
		E992B6E82A645B6600FD6380 /* LargePlayerView.swift */ = {isa = PBXFileReference; lastKnownFileType = sourcecode.swift; path = LargePlayerView.swift; sourceTree = "<group>"; };
		E992B6EC2A65AE4A00FD6380 /* GroupScreenViewModel.swift */ = {isa = PBXFileReference; lastKnownFileType = sourcecode.swift; path = GroupScreenViewModel.swift; sourceTree = "<group>"; };
		E9B12B482A5F2DC70008868C /* RemoteWidgetEntryView.swift */ = {isa = PBXFileReference; lastKnownFileType = sourcecode.swift; path = RemoteWidgetEntryView.swift; sourceTree = "<group>"; };
		E9B12B532A5F31790008868C /* Widgets Watch.appex */ = {isa = PBXFileReference; explicitFileType = "wrapper.app-extension"; includeInIndex = 0; path = "Widgets Watch.appex"; sourceTree = BUILT_PRODUCTS_DIR; };
		E9B12B572A5F31790008868C /* WatchTimelineProvider.swift */ = {isa = PBXFileReference; lastKnownFileType = sourcecode.swift; path = WatchTimelineProvider.swift; sourceTree = "<group>"; };
		E9B12B592A5F31790008868C /* WatchConfigurationIntent.swift */ = {isa = PBXFileReference; lastKnownFileType = sourcecode.swift; path = WatchConfigurationIntent.swift; sourceTree = "<group>"; };
		E9B12B5B2A5F317B0008868C /* Assets.xcassets */ = {isa = PBXFileReference; lastKnownFileType = folder.assetcatalog; path = Assets.xcassets; sourceTree = "<group>"; };
		E9B12B5D2A5F317B0008868C /* Info.plist */ = {isa = PBXFileReference; lastKnownFileType = text.plist.xml; path = Info.plist; sourceTree = "<group>"; };
		E9B3EDCF2A4F855B00F9D70C /* SceneView.swift */ = {isa = PBXFileReference; lastKnownFileType = sourcecode.swift; path = SceneView.swift; sourceTree = "<group>"; };
		E9BDE56C29E3396700D230A8 /* Clic.app */ = {isa = PBXFileReference; explicitFileType = wrapper.application; includeInIndex = 0; path = Clic.app; sourceTree = BUILT_PRODUCTS_DIR; };
		E9BDE56F29E3396700D230A8 /* SonosApp.swift */ = {isa = PBXFileReference; lastKnownFileType = sourcecode.swift; path = SonosApp.swift; sourceTree = "<group>"; };
		E9BDE57129E3396700D230A8 /* ContentView.swift */ = {isa = PBXFileReference; lastKnownFileType = sourcecode.swift; path = ContentView.swift; sourceTree = "<group>"; };
		E9BDE57329E3396800D230A8 /* Assets.xcassets */ = {isa = PBXFileReference; lastKnownFileType = folder.assetcatalog; path = Assets.xcassets; sourceTree = "<group>"; };
		E9BDE57629E3396800D230A8 /* Preview Assets.xcassets */ = {isa = PBXFileReference; lastKnownFileType = folder.assetcatalog; path = "Preview Assets.xcassets"; sourceTree = "<group>"; };
		E9C03AF62A57668800FB9118 /* VolumeControlView.swift */ = {isa = PBXFileReference; lastKnownFileType = sourcecode.swift; path = VolumeControlView.swift; sourceTree = "<group>"; };
		E9C03AFC2A586F5E00FB9118 /* Clic Watch.app */ = {isa = PBXFileReference; explicitFileType = wrapper.application; includeInIndex = 0; path = "Clic Watch.app"; sourceTree = BUILT_PRODUCTS_DIR; };
		E9C03AFE2A586F5E00FB9118 /* ClicWatchApp.swift */ = {isa = PBXFileReference; lastKnownFileType = sourcecode.swift; path = ClicWatchApp.swift; sourceTree = "<group>"; };
		E9C03B002A586F5E00FB9118 /* ContentView.swift */ = {isa = PBXFileReference; lastKnownFileType = sourcecode.swift; path = ContentView.swift; sourceTree = "<group>"; };
		E9C03B022A586F6100FB9118 /* Assets.xcassets */ = {isa = PBXFileReference; lastKnownFileType = folder.assetcatalog; path = Assets.xcassets; sourceTree = "<group>"; };
		E9C03B052A586F6100FB9118 /* Preview Assets.xcassets */ = {isa = PBXFileReference; lastKnownFileType = folder.assetcatalog; path = "Preview Assets.xcassets"; sourceTree = "<group>"; };
		E9C03B102A58715700FB9118 /* Info.plist */ = {isa = PBXFileReference; lastKnownFileType = text.plist.xml; path = Info.plist; sourceTree = "<group>"; };
		E9C03B112A58721F00FB9118 /* PlayerView.swift */ = {isa = PBXFileReference; lastKnownFileType = sourcecode.swift; path = PlayerView.swift; sourceTree = "<group>"; };
		E9C03B142A5A192300FB9118 /* SonosDeviceEntity.swift */ = {isa = PBXFileReference; lastKnownFileType = sourcecode.swift; path = SonosDeviceEntity.swift; sourceTree = "<group>"; };
		E9C03B172A5A196200FB9118 /* NextIntent.swift */ = {isa = PBXFileReference; lastKnownFileType = sourcecode.swift; path = NextIntent.swift; sourceTree = "<group>"; };
		E9DAE4902A5F599700B03199 /* WatchWidgetView.swift */ = {isa = PBXFileReference; lastKnownFileType = sourcecode.swift; path = WatchWidgetView.swift; sourceTree = "<group>"; };
		E9DAE4932A5F59D100B03199 /* WidgetBundle.swift */ = {isa = PBXFileReference; lastKnownFileType = sourcecode.swift; path = WidgetBundle.swift; sourceTree = "<group>"; };
		E9DAE4972A5F5BC700B03199 /* WatchWidget.swift */ = {isa = PBXFileReference; lastKnownFileType = sourcecode.swift; path = WatchWidget.swift; sourceTree = "<group>"; };
		E9DAE49B2A5FABBF00B03199 /* NowPlayingView.swift */ = {isa = PBXFileReference; lastKnownFileType = sourcecode.swift; path = NowPlayingView.swift; sourceTree = "<group>"; };
		E9DAE49D2A5FACD400B03199 /* NowPlayingWidgetProvider.swift */ = {isa = PBXFileReference; lastKnownFileType = sourcecode.swift; path = NowPlayingWidgetProvider.swift; sourceTree = "<group>"; };
		E9DE84992A66F87C004C3947 /* RemoteWidgetRectangularView.swift */ = {isa = PBXFileReference; lastKnownFileType = sourcecode.swift; path = RemoteWidgetRectangularView.swift; sourceTree = "<group>"; };
		E9DE849D2A6707E1004C3947 /* Preview Assets.xcassets */ = {isa = PBXFileReference; lastKnownFileType = folder.assetcatalog; path = "Preview Assets.xcassets"; sourceTree = "<group>"; };
		E9DE849F2A673321004C3947 /* LiveActivityNowPlayingView.swift */ = {isa = PBXFileReference; lastKnownFileType = sourcecode.swift; path = LiveActivityNowPlayingView.swift; sourceTree = "<group>"; };
		E9F3D44C2A02C2780042F208 /* Info.plist */ = {isa = PBXFileReference; lastKnownFileType = text.plist; path = Info.plist; sourceTree = "<group>"; };
		E9F3D44D2A02C2900042F208 /* SonosKit */ = {isa = PBXFileReference; lastKnownFileType = wrapper; path = SonosKit; sourceTree = "<group>"; };
/* End PBXFileReference section */

/* Begin PBXFrameworksBuildPhase section */
		E97C0D3E2A325CC5005AB0E0 /* Frameworks */ = {
			isa = PBXFrameworksBuildPhase;
			buildActionMask = 2147483647;
			files = (
				E97C0D452A325CC5005AB0E0 /* SwiftUI.framework in Frameworks */,
				E97C0D5D2A326D25005AB0E0 /* SonosKit in Frameworks */,
				E97C0D432A325CC5005AB0E0 /* WidgetKit.framework in Frameworks */,
			);
			runOnlyForDeploymentPostprocessing = 0;
		};
		E9B12B502A5F31790008868C /* Frameworks */ = {
			isa = PBXFrameworksBuildPhase;
			buildActionMask = 2147483647;
			files = (
				E9B12B552A5F31790008868C /* SwiftUI.framework in Frameworks */,
				E9B12B542A5F31790008868C /* WidgetKit.framework in Frameworks */,
			);
			runOnlyForDeploymentPostprocessing = 0;
		};
		E9BDE56929E3396700D230A8 /* Frameworks */ = {
			isa = PBXFrameworksBuildPhase;
			buildActionMask = 2147483647;
			files = (
				E9BDE58029E33B0700D230A8 /* SonosKit in Frameworks */,
			);
			runOnlyForDeploymentPostprocessing = 0;
		};
		E9C03AF92A586F5E00FB9118 /* Frameworks */ = {
			isa = PBXFrameworksBuildPhase;
			buildActionMask = 2147483647;
			files = (
				E9C03B0F2A586F7E00FB9118 /* SonosKit in Frameworks */,
			);
			runOnlyForDeploymentPostprocessing = 0;
		};
/* End PBXFrameworksBuildPhase section */

/* Begin PBXGroup section */
		E97C0D462A325CC5005AB0E0 /* Widgets */ = {
			isa = PBXGroup;
			children = (
				E97C0D472A325CC5005AB0E0 /* WidgetBundle.swift */,
				E9DE849B2A6703F0004C3947 /* LiveActivity */,
				E9DAE49A2A5FABA600B03199 /* RemoteWidget */,
				E97C0D642A33D640005AB0E0 /* NowPlayingWidget */,
				E9C03B132A5A191B00FB9118 /* Queries */,
				E97C0D712A390186005AB0E0 /* Intents */,
				E97C0D4F2A325CC6005AB0E0 /* Assets.xcassets */,
				E9DE849C2A6707C3004C3947 /* Preview Content */,
				E97C0D512A325CC6005AB0E0 /* Info.plist */,
			);
			path = Widgets;
			sourceTree = "<group>";
		};
		E97C0D642A33D640005AB0E0 /* NowPlayingWidget */ = {
			isa = PBXGroup;
			children = (
				E97C0D622A33D5F9005AB0E0 /* NowPlayingWidget.swift */,
				E9DAE49B2A5FABBF00B03199 /* NowPlayingView.swift */,
				E9DAE49D2A5FACD400B03199 /* NowPlayingWidgetProvider.swift */,
				E97C0D652A33D657005AB0E0 /* NowPlayingWidgetConfigurationIntent.swift */,
			);
			path = NowPlayingWidget;
			sourceTree = "<group>";
		};
		E97C0D712A390186005AB0E0 /* Intents */ = {
			isa = PBXGroup;
			children = (
				E97C0D592A32687D005AB0E0 /* PlayPauseIntent.swift */,
				E9C03B172A5A196200FB9118 /* NextIntent.swift */,
				E97C0D692A38FBAB005AB0E0 /* SetRelativeGroupVolumeIntent.swift */,
			);
			path = Intents;
			sourceTree = "<group>";
		};
		E9B12B562A5F31790008868C /* WatchWidgets */ = {
			isa = PBXGroup;
			children = (
				E9DAE4932A5F59D100B03199 /* WidgetBundle.swift */,
				E9DAE4972A5F5BC700B03199 /* WatchWidget.swift */,
				E9B12B572A5F31790008868C /* WatchTimelineProvider.swift */,
				E9DAE4902A5F599700B03199 /* WatchWidgetView.swift */,
				E9B12B592A5F31790008868C /* WatchConfigurationIntent.swift */,
				E9B12B5B2A5F317B0008868C /* Assets.xcassets */,
				E9B12B5D2A5F317B0008868C /* Info.plist */,
			);
			path = WatchWidgets;
			sourceTree = "<group>";
		};
		E9BDE56329E3396700D230A8 = {
			isa = PBXGroup;
			children = (
				E96396332A3B700900518A17 /* MusicSearchKit */,
				E9F3D44D2A02C2900042F208 /* SonosKit */,
				E9BDE56E29E3396700D230A8 /* Clic */,
				E9C03AFD2A586F5E00FB9118 /* Watch */,
				E97C0D462A325CC5005AB0E0 /* Widgets */,
				E9B12B562A5F31790008868C /* WatchWidgets */,
				E9BDE56D29E3396700D230A8 /* Products */,
				E9BDE57E29E33B0700D230A8 /* Frameworks */,
			);
			sourceTree = "<group>";
		};
		E9BDE56D29E3396700D230A8 /* Products */ = {
			isa = PBXGroup;
			children = (
				E9BDE56C29E3396700D230A8 /* Clic.app */,
				E97C0D412A325CC5005AB0E0 /* Widgets.appex */,
				E9C03AFC2A586F5E00FB9118 /* Clic Watch.app */,
				E9B12B532A5F31790008868C /* Widgets Watch.appex */,
			);
			name = Products;
			sourceTree = "<group>";
		};
		E9BDE56E29E3396700D230A8 /* Clic */ = {
			isa = PBXGroup;
			children = (
				E9F3D44C2A02C2780042F208 /* Info.plist */,
				E9BDE56F29E3396700D230A8 /* SonosApp.swift */,
				E9BDE57129E3396700D230A8 /* ContentView.swift */,
				E96396342A3B723B00518A17 /* ArtworkView.swift */,
				E96396362A3B8F5200518A17 /* ZoneView.swift */,
				E9C03AF62A57668800FB9118 /* VolumeControlView.swift */,
				E992B6E82A645B6600FD6380 /* LargePlayerView.swift */,
				E94F6B0D2A5093BF000240A6 /* PlayerView.swift */,
				E9B3EDCF2A4F855B00F9D70C /* SceneView.swift */,
				E94F6B0F2A54D0F0000240A6 /* SceneBuilderScreen.swift */,
				E955083E2A4C8D2C0066EBAF /* GroupScreen.swift */,
				E992B6EC2A65AE4A00FD6380 /* GroupScreenViewModel.swift */,
				E963963E2A3CD3AE00518A17 /* MusicSearchScreen.swift */,
				E98527932A5E5C90009016C2 /* Live.swift */,
				E9BDE57329E3396800D230A8 /* Assets.xcassets */,
				E9BDE57529E3396800D230A8 /* Preview Content */,
			);
			path = Clic;
			sourceTree = "<group>";
		};
		E9BDE57529E3396800D230A8 /* Preview Content */ = {
			isa = PBXGroup;
			children = (
				E9BDE57629E3396800D230A8 /* Preview Assets.xcassets */,
			);
			path = "Preview Content";
			sourceTree = "<group>";
		};
		E9BDE57E29E33B0700D230A8 /* Frameworks */ = {
			isa = PBXGroup;
			children = (
				E97C0D422A325CC5005AB0E0 /* WidgetKit.framework */,
				E97C0D442A325CC5005AB0E0 /* SwiftUI.framework */,
			);
			name = Frameworks;
			sourceTree = "<group>";
		};
		E9C03AFD2A586F5E00FB9118 /* Watch */ = {
			isa = PBXGroup;
			children = (
				E9C03AFE2A586F5E00FB9118 /* ClicWatchApp.swift */,
				E9C03B002A586F5E00FB9118 /* ContentView.swift */,
				E9C03B112A58721F00FB9118 /* PlayerView.swift */,
				E919EC0C2A608FB300B6022C /* GroupScreen.swift */,
				E919EC0F2A61A84900B6022C /* GroupScreenViewModel.swift */,
				E919EC122A61B8C700B6022C /* VolumeControlView.swift */,
				E9C03B022A586F6100FB9118 /* Assets.xcassets */,
				E9C03B042A586F6100FB9118 /* Preview Content */,
				E9C03B102A58715700FB9118 /* Info.plist */,
			);
			path = Watch;
			sourceTree = "<group>";
		};
		E9C03B042A586F6100FB9118 /* Preview Content */ = {
			isa = PBXGroup;
			children = (
				E9C03B052A586F6100FB9118 /* Preview Assets.xcassets */,
			);
			path = "Preview Content";
			sourceTree = "<group>";
		};
		E9C03B132A5A191B00FB9118 /* Queries */ = {
			isa = PBXGroup;
			children = (
				E97353432A395699007EA5A8 /* SonosDeviceQuery.swift */,
				E9C03B142A5A192300FB9118 /* SonosDeviceEntity.swift */,
			);
			path = Queries;
			sourceTree = "<group>";
		};
		E9DAE49A2A5FABA600B03199 /* RemoteWidget */ = {
			isa = PBXGroup;
			children = (
				E97C0D4B2A325CC5005AB0E0 /* RemoteWidget.swift */,
				E97C0D4D2A325CC5005AB0E0 /* RemoteWidgetConfigurationIntent.swift */,
				E9B12B482A5F2DC70008868C /* RemoteWidgetEntryView.swift */,
				E9DE84982A66F86A004C3947 /* RemoteWidgetViews */,
			);
			path = RemoteWidget;
			sourceTree = "<group>";
		};
		E9DE84982A66F86A004C3947 /* RemoteWidgetViews */ = {
			isa = PBXGroup;
			children = (
				E9DE84992A66F87C004C3947 /* RemoteWidgetRectangularView.swift */,
			);
			path = RemoteWidgetViews;
			sourceTree = "<group>";
		};
		E9DE849B2A6703F0004C3947 /* LiveActivity */ = {
			isa = PBXGroup;
			children = (
				E97C0D492A325CC5005AB0E0 /* LiveActivityNowPlayingWidget.swift */,
				E9DE849F2A673321004C3947 /* LiveActivityNowPlayingView.swift */,
			);
			path = LiveActivity;
			sourceTree = "<group>";
		};
		E9DE849C2A6707C3004C3947 /* Preview Content */ = {
			isa = PBXGroup;
			children = (
				E9DE849D2A6707E1004C3947 /* Preview Assets.xcassets */,
			);
			path = "Preview Content";
			sourceTree = "<group>";
		};
/* End PBXGroup section */

/* Begin PBXNativeTarget section */
		E97C0D402A325CC5005AB0E0 /* Widgets */ = {
			isa = PBXNativeTarget;
			buildConfigurationList = E97C0D552A325CC6005AB0E0 /* Build configuration list for PBXNativeTarget "Widgets" */;
			buildPhases = (
				E97C0D3D2A325CC5005AB0E0 /* Sources */,
				E97C0D3E2A325CC5005AB0E0 /* Frameworks */,
				E97C0D3F2A325CC5005AB0E0 /* Resources */,
			);
			buildRules = (
			);
			dependencies = (
			);
			name = Widgets;
			packageProductDependencies = (
				E97C0D5C2A326D25005AB0E0 /* SonosKit */,
			);
			productName = SonosWidgetExtension;
			productReference = E97C0D412A325CC5005AB0E0 /* Widgets.appex */;
			productType = "com.apple.product-type.app-extension";
		};
		E9B12B522A5F31790008868C /* Widgets (Watch) */ = {
			isa = PBXNativeTarget;
			buildConfigurationList = E9B12B612A5F317B0008868C /* Build configuration list for PBXNativeTarget "Widgets (Watch)" */;
			buildPhases = (
				E9B12B4F2A5F31790008868C /* Sources */,
				E9B12B502A5F31790008868C /* Frameworks */,
				E9B12B512A5F31790008868C /* Resources */,
			);
			buildRules = (
			);
			dependencies = (
			);
			name = "Widgets (Watch)";
			packageProductDependencies = (
			);
			productName = WatchWidgetsExtension;
			productReference = E9B12B532A5F31790008868C /* Widgets Watch.appex */;
			productType = "com.apple.product-type.app-extension";
		};
		E9BDE56B29E3396700D230A8 /* Clic */ = {
			isa = PBXNativeTarget;
			buildConfigurationList = E9BDE57A29E3396800D230A8 /* Build configuration list for PBXNativeTarget "Clic" */;
			buildPhases = (
				E9BDE56829E3396700D230A8 /* Sources */,
				E9BDE56929E3396700D230A8 /* Frameworks */,
				E9BDE56A29E3396700D230A8 /* Resources */,
				E97C0D582A325CC6005AB0E0 /* Embed Foundation Extensions */,
				E9C03B0D2A586F6100FB9118 /* Embed Watch Content */,
			);
			buildRules = (
			);
			dependencies = (
				E97C0D532A325CC6005AB0E0 /* PBXTargetDependency */,
				E9C03B082A586F6100FB9118 /* PBXTargetDependency */,
			);
			name = Clic;
			packageProductDependencies = (
				E9BDE57F29E33B0700D230A8 /* SonosKit */,
			);
			productName = Sonos;
			productReference = E9BDE56C29E3396700D230A8 /* Clic.app */;
			productType = "com.apple.product-type.application";
		};
		E9C03AFB2A586F5E00FB9118 /* Clic (Watch) */ = {
			isa = PBXNativeTarget;
			buildConfigurationList = E9C03B0A2A586F6100FB9118 /* Build configuration list for PBXNativeTarget "Clic (Watch)" */;
			buildPhases = (
				E9C03AF82A586F5E00FB9118 /* Sources */,
				E9C03AF92A586F5E00FB9118 /* Frameworks */,
				E9C03AFA2A586F5E00FB9118 /* Resources */,
				E9B12B642A5F317B0008868C /* Embed Foundation Extensions */,
			);
			buildRules = (
			);
			dependencies = (
				E9B12B5F2A5F317B0008868C /* PBXTargetDependency */,
			);
			name = "Clic (Watch)";
			packageProductDependencies = (
				E9C03B0E2A586F7E00FB9118 /* SonosKit */,
			);
			productName = "SonosWatch Watch App";
			productReference = E9C03AFC2A586F5E00FB9118 /* Clic Watch.app */;
			productType = "com.apple.product-type.application";
		};
/* End PBXNativeTarget section */

/* Begin PBXProject section */
		E9BDE56429E3396700D230A8 /* Project object */ = {
			isa = PBXProject;
			attributes = {
				BuildIndependentTargetsInParallel = 1;
				LastSwiftUpdateCheck = 1500;
				LastUpgradeCheck = 1430;
				TargetAttributes = {
					E97C0D402A325CC5005AB0E0 = {
						CreatedOnToolsVersion = 15.0;
					};
					E9B12B522A5F31790008868C = {
						CreatedOnToolsVersion = 15.0;
					};
					E9BDE56B29E3396700D230A8 = {
						CreatedOnToolsVersion = 14.3;
					};
					E9C03AFB2A586F5E00FB9118 = {
						CreatedOnToolsVersion = 15.0;
					};
				};
			};
			buildConfigurationList = E9BDE56729E3396700D230A8 /* Build configuration list for PBXProject "Clic" */;
			compatibilityVersion = "Xcode 14.0";
			developmentRegion = en;
			hasScannedForEncodings = 0;
			knownRegions = (
				en,
				Base,
			);
			mainGroup = E9BDE56329E3396700D230A8;
			productRefGroup = E9BDE56D29E3396700D230A8 /* Products */;
			projectDirPath = "";
			projectRoot = "";
			targets = (
				E9BDE56B29E3396700D230A8 /* Clic */,
				E97C0D402A325CC5005AB0E0 /* Widgets */,
				E9C03AFB2A586F5E00FB9118 /* Clic (Watch) */,
				E9B12B522A5F31790008868C /* Widgets (Watch) */,
			);
		};
/* End PBXProject section */

/* Begin PBXResourcesBuildPhase section */
		E97C0D3F2A325CC5005AB0E0 /* Resources */ = {
			isa = PBXResourcesBuildPhase;
			buildActionMask = 2147483647;
			files = (
				E9DE849E2A6707E1004C3947 /* Preview Assets.xcassets in Resources */,
				E97C0D502A325CC6005AB0E0 /* Assets.xcassets in Resources */,
			);
			runOnlyForDeploymentPostprocessing = 0;
		};
		E9B12B512A5F31790008868C /* Resources */ = {
			isa = PBXResourcesBuildPhase;
			buildActionMask = 2147483647;
			files = (
				E9B12B5C2A5F317B0008868C /* Assets.xcassets in Resources */,
			);
			runOnlyForDeploymentPostprocessing = 0;
		};
		E9BDE56A29E3396700D230A8 /* Resources */ = {
			isa = PBXResourcesBuildPhase;
			buildActionMask = 2147483647;
			files = (
				E9BDE57729E3396800D230A8 /* Preview Assets.xcassets in Resources */,
				E9BDE57429E3396800D230A8 /* Assets.xcassets in Resources */,
			);
			runOnlyForDeploymentPostprocessing = 0;
		};
		E9C03AFA2A586F5E00FB9118 /* Resources */ = {
			isa = PBXResourcesBuildPhase;
			buildActionMask = 2147483647;
			files = (
				E9C03B062A586F6100FB9118 /* Preview Assets.xcassets in Resources */,
				E9C03B032A586F6100FB9118 /* Assets.xcassets in Resources */,
			);
			runOnlyForDeploymentPostprocessing = 0;
		};
/* End PBXResourcesBuildPhase section */

/* Begin PBXSourcesBuildPhase section */
		E97C0D3D2A325CC5005AB0E0 /* Sources */ = {
			isa = PBXSourcesBuildPhase;
			buildActionMask = 2147483647;
			files = (
				E9C03B192A5A196A00FB9118 /* NextIntent.swift in Sources */,
				E9DAE49E2A5FACD400B03199 /* NowPlayingWidgetProvider.swift in Sources */,
				E9B12B4A2A5F2E3D0008868C /* RemoteWidgetEntryView.swift in Sources */,
				E9DE849A2A66F87C004C3947 /* RemoteWidgetRectangularView.swift in Sources */,
				E97C0D482A325CC5005AB0E0 /* WidgetBundle.swift in Sources */,
				E97353452A3956A6007EA5A8 /* SonosDeviceQuery.swift in Sources */,
				E97C0D4E2A325CC5005AB0E0 /* RemoteWidgetConfigurationIntent.swift in Sources */,
				E9DE84A02A673321004C3947 /* LiveActivityNowPlayingView.swift in Sources */,
				E9C03B162A5A195300FB9118 /* SonosDeviceEntity.swift in Sources */,
				E98527952A5E5C99009016C2 /* Live.swift in Sources */,
				E97C0D4C2A325CC5005AB0E0 /* RemoteWidget.swift in Sources */,
				E97C0D5B2A326B15005AB0E0 /* PlayPauseIntent.swift in Sources */,
				E97C0D682A33D78F005AB0E0 /* NowPlayingWidget.swift in Sources */,
				E97C0D4A2A325CC5005AB0E0 /* LiveActivityNowPlayingWidget.swift in Sources */,
				E97C0D6B2A38FBDD005AB0E0 /* SetRelativeGroupVolumeIntent.swift in Sources */,
				E9DAE49C2A5FABBF00B03199 /* NowPlayingView.swift in Sources */,
				E97C0D672A33D787005AB0E0 /* NowPlayingWidgetConfigurationIntent.swift in Sources */,
			);
			runOnlyForDeploymentPostprocessing = 0;
		};
		E9B12B4F2A5F31790008868C /* Sources */ = {
			isa = PBXSourcesBuildPhase;
			buildActionMask = 2147483647;
			files = (
				E9DAE4992A5F5BDB00B03199 /* WatchWidget.swift in Sources */,
				E9B12B582A5F31790008868C /* WatchTimelineProvider.swift in Sources */,
				E9B12B5A2A5F31790008868C /* WatchConfigurationIntent.swift in Sources */,
				E9DAE4922A5F59A600B03199 /* WatchWidgetView.swift in Sources */,
				E9DAE4962A5F5A0C00B03199 /* WidgetBundle.swift in Sources */,
			);
			runOnlyForDeploymentPostprocessing = 0;
		};
		E9BDE56829E3396700D230A8 /* Sources */ = {
			isa = PBXSourcesBuildPhase;
			buildActionMask = 2147483647;
			files = (
				E98527902A5E59AC009016C2 /* NextIntent.swift in Sources */,
				E94F6B102A54D0F0000240A6 /* SceneBuilderScreen.swift in Sources */,
				E985278E2A5E0864009016C2 /* SonosDeviceEntity.swift in Sources */,
				E96396372A3B8F5200518A17 /* ZoneView.swift in Sources */,
				E955083F2A4C8D2C0066EBAF /* GroupScreen.swift in Sources */,
				E963963F2A3CD3AE00518A17 /* MusicSearchScreen.swift in Sources */,
				E98527922A5E59B8009016C2 /* SetRelativeGroupVolumeIntent.swift in Sources */,
				E985278F2A5E5955009016C2 /* SonosDeviceQuery.swift in Sources */,
				E985278D2A5E0848009016C2 /* LiveActivityNowPlayingWidget.swift in Sources */,
				E992B6EB2A645B8D00FD6380 /* LargePlayerView.swift in Sources */,
				E9C03AF72A57668800FB9118 /* VolumeControlView.swift in Sources */,
				E94F6B0E2A5093BF000240A6 /* PlayerView.swift in Sources */,
				E98527942A5E5C90009016C2 /* Live.swift in Sources */,
				E9B3EDD02A4F855B00F9D70C /* SceneView.swift in Sources */,
				E992B6ED2A65AE4A00FD6380 /* GroupScreenViewModel.swift in Sources */,
				E96396352A3B723B00518A17 /* ArtworkView.swift in Sources */,
				E9BDE57229E3396700D230A8 /* ContentView.swift in Sources */,
				E98527912A5E59B0009016C2 /* PlayPauseIntent.swift in Sources */,
				E9DE84A12A6734EA004C3947 /* LiveActivityNowPlayingView.swift in Sources */,
				E9BDE57029E3396700D230A8 /* SonosApp.swift in Sources */,
			);
			runOnlyForDeploymentPostprocessing = 0;
		};
		E9C03AF82A586F5E00FB9118 /* Sources */ = {
			isa = PBXSourcesBuildPhase;
			buildActionMask = 2147483647;
			files = (
				E919EC142A61B8CD00B6022C /* VolumeControlView.swift in Sources */,
				E9C03B122A58721F00FB9118 /* PlayerView.swift in Sources */,
				E919EC0E2A608FBB00B6022C /* GroupScreen.swift in Sources */,
				E919EC112A61A94400B6022C /* GroupScreenViewModel.swift in Sources */,
				E9C03B012A586F5E00FB9118 /* ContentView.swift in Sources */,
				E9C03AFF2A586F5E00FB9118 /* ClicWatchApp.swift in Sources */,
			);
			runOnlyForDeploymentPostprocessing = 0;
		};
/* End PBXSourcesBuildPhase section */

/* Begin PBXTargetDependency section */
		E97C0D532A325CC6005AB0E0 /* PBXTargetDependency */ = {
			isa = PBXTargetDependency;
			target = E97C0D402A325CC5005AB0E0 /* Widgets */;
			targetProxy = E97C0D522A325CC6005AB0E0 /* PBXContainerItemProxy */;
		};
		E9B12B5F2A5F317B0008868C /* PBXTargetDependency */ = {
			isa = PBXTargetDependency;
			target = E9B12B522A5F31790008868C /* Widgets (Watch) */;
			targetProxy = E9B12B5E2A5F317B0008868C /* PBXContainerItemProxy */;
		};
		E9C03B082A586F6100FB9118 /* PBXTargetDependency */ = {
			isa = PBXTargetDependency;
			target = E9C03AFB2A586F5E00FB9118 /* Clic (Watch) */;
			targetProxy = E9C03B072A586F6100FB9118 /* PBXContainerItemProxy */;
		};
/* End PBXTargetDependency section */

/* Begin XCBuildConfiguration section */
		E97C0D562A325CC6005AB0E0 /* Debug */ = {
			isa = XCBuildConfiguration;
			buildSettings = {
				ALLOW_TARGET_PLATFORM_SPECIALIZATION = NO;
				ASSETCATALOG_COMPILER_GENERATE_SWIFT_ASSET_SYMBOL_EXTENSIONS = YES;
				ASSETCATALOG_COMPILER_GLOBAL_ACCENT_COLOR_NAME = AccentColor;
				ASSETCATALOG_COMPILER_WIDGET_BACKGROUND_COLOR_NAME = WidgetBackground;
				CODE_SIGN_IDENTITY = "Apple Development";
				CODE_SIGN_STYLE = Automatic;
				CURRENT_PROJECT_VERSION = 1;
				DEVELOPMENT_ASSET_PATHS = "";
				DEVELOPMENT_TEAM = Z9QV6PA2TY;
				ENABLE_USER_SCRIPT_SANDBOXING = YES;
				GCC_C_LANGUAGE_STANDARD = gnu17;
				GENERATE_INFOPLIST_FILE = YES;
				INFOPLIST_FILE = Widgets/Info.plist;
				INFOPLIST_KEY_CFBundleDisplayName = Widgets;
				INFOPLIST_KEY_NSHumanReadableCopyright = "";
				IPHONEOS_DEPLOYMENT_TARGET = 17.0;
				LD_RUNPATH_SEARCH_PATHS = (
					"$(inherited)",
					"@executable_path/Frameworks",
					"@executable_path/../../Frameworks",
				);
				LOCALIZATION_PREFERS_STRING_CATALOGS = YES;
				MARKETING_VERSION = 1.0;
				PRODUCT_BUNDLE_IDENTIFIER = com.nick.Clic.Widget;
				PRODUCT_NAME = "$(TARGET_NAME)";
				PROVISIONING_PROFILE_SPECIFIER = "";
				SKIP_INSTALL = YES;
				SUPPORTED_PLATFORMS = "iphoneos iphonesimulator";
				SUPPORTS_MACCATALYST = NO;
				SUPPORTS_MAC_DESIGNED_FOR_IPHONE_IPAD = NO;
				SWIFT_ACTIVE_COMPILATION_CONDITIONS = "DEBUG $(inherited)";
				SWIFT_EMIT_LOC_STRINGS = YES;
				SWIFT_VERSION = 5.0;
				TARGETED_DEVICE_FAMILY = "1,4";
			};
			name = Debug;
		};
		E97C0D572A325CC6005AB0E0 /* Release */ = {
			isa = XCBuildConfiguration;
			buildSettings = {
				ALLOW_TARGET_PLATFORM_SPECIALIZATION = NO;
				ASSETCATALOG_COMPILER_GENERATE_SWIFT_ASSET_SYMBOL_EXTENSIONS = YES;
				ASSETCATALOG_COMPILER_GLOBAL_ACCENT_COLOR_NAME = AccentColor;
				ASSETCATALOG_COMPILER_WIDGET_BACKGROUND_COLOR_NAME = WidgetBackground;
				CODE_SIGN_IDENTITY = "Apple Development";
				CODE_SIGN_STYLE = Automatic;
				CURRENT_PROJECT_VERSION = 1;
				DEVELOPMENT_ASSET_PATHS = "";
				DEVELOPMENT_TEAM = Z9QV6PA2TY;
				ENABLE_USER_SCRIPT_SANDBOXING = YES;
				GCC_C_LANGUAGE_STANDARD = gnu17;
				GENERATE_INFOPLIST_FILE = YES;
				INFOPLIST_FILE = Widgets/Info.plist;
				INFOPLIST_KEY_CFBundleDisplayName = Widgets;
				INFOPLIST_KEY_NSHumanReadableCopyright = "";
				IPHONEOS_DEPLOYMENT_TARGET = 17.0;
				LD_RUNPATH_SEARCH_PATHS = (
					"$(inherited)",
					"@executable_path/Frameworks",
					"@executable_path/../../Frameworks",
				);
				LOCALIZATION_PREFERS_STRING_CATALOGS = YES;
				MARKETING_VERSION = 1.0;
				PRODUCT_BUNDLE_IDENTIFIER = com.nick.Clic.Widget;
				PRODUCT_NAME = "$(TARGET_NAME)";
				PROVISIONING_PROFILE_SPECIFIER = "";
				SKIP_INSTALL = YES;
				SUPPORTED_PLATFORMS = "iphoneos iphonesimulator";
				SUPPORTS_MACCATALYST = NO;
				SUPPORTS_MAC_DESIGNED_FOR_IPHONE_IPAD = NO;
				SWIFT_EMIT_LOC_STRINGS = YES;
				SWIFT_VERSION = 5.0;
				TARGETED_DEVICE_FAMILY = "1,4";
			};
			name = Release;
		};
		E9B12B622A5F317B0008868C /* Debug */ = {
			isa = XCBuildConfiguration;
			buildSettings = {
				ASSETCATALOG_COMPILER_GENERATE_SWIFT_ASSET_SYMBOL_EXTENSIONS = YES;
				ASSETCATALOG_COMPILER_GLOBAL_ACCENT_COLOR_NAME = AccentColor;
				ASSETCATALOG_COMPILER_WIDGET_BACKGROUND_COLOR_NAME = WidgetBackground;
				CODE_SIGN_IDENTITY = "Apple Development";
				CODE_SIGN_STYLE = Automatic;
				CURRENT_PROJECT_VERSION = 2023.1;
				DEVELOPMENT_TEAM = Z9QV6PA2TY;
				ENABLE_USER_SCRIPT_SANDBOXING = YES;
				GCC_C_LANGUAGE_STANDARD = gnu17;
				GENERATE_INFOPLIST_FILE = YES;
				INFOPLIST_FILE = WatchWidgets/Info.plist;
				INFOPLIST_KEY_CFBundleDisplayName = "Clic Watch Widgets";
				INFOPLIST_KEY_NSHumanReadableCopyright = "";
				LD_RUNPATH_SEARCH_PATHS = (
					"$(inherited)",
					"@executable_path/Frameworks",
					"@executable_path/../../Frameworks",
					"@executable_path/../../../../Frameworks",
				);
				LOCALIZATION_PREFERS_STRING_CATALOGS = YES;
				MARKETING_VERSION = 1.0;
				PRODUCT_BUNDLE_IDENTIFIER = com.nick.Clic.watch.Widgets;
				PRODUCT_NAME = "Widgets Watch";
				PROVISIONING_PROFILE_SPECIFIER = "";
				SDKROOT = watchos;
				SKIP_INSTALL = YES;
				SWIFT_ACTIVE_COMPILATION_CONDITIONS = "DEBUG $(inherited)";
				SWIFT_EMIT_LOC_STRINGS = YES;
				SWIFT_VERSION = 5.0;
				TARGETED_DEVICE_FAMILY = 4;
				WATCHOS_DEPLOYMENT_TARGET = 10.0;
			};
			name = Debug;
		};
		E9B12B632A5F317B0008868C /* Release */ = {
			isa = XCBuildConfiguration;
			buildSettings = {
				ASSETCATALOG_COMPILER_GENERATE_SWIFT_ASSET_SYMBOL_EXTENSIONS = YES;
				ASSETCATALOG_COMPILER_GLOBAL_ACCENT_COLOR_NAME = AccentColor;
				ASSETCATALOG_COMPILER_WIDGET_BACKGROUND_COLOR_NAME = WidgetBackground;
				CODE_SIGN_IDENTITY = "Apple Development";
				CODE_SIGN_STYLE = Automatic;
				CURRENT_PROJECT_VERSION = 2023.1;
				DEVELOPMENT_TEAM = Z9QV6PA2TY;
				ENABLE_USER_SCRIPT_SANDBOXING = YES;
				GCC_C_LANGUAGE_STANDARD = gnu17;
				GENERATE_INFOPLIST_FILE = YES;
				INFOPLIST_FILE = WatchWidgets/Info.plist;
				INFOPLIST_KEY_CFBundleDisplayName = "Clic Watch Widgets";
				INFOPLIST_KEY_NSHumanReadableCopyright = "";
				LD_RUNPATH_SEARCH_PATHS = (
					"$(inherited)",
					"@executable_path/Frameworks",
					"@executable_path/../../Frameworks",
					"@executable_path/../../../../Frameworks",
				);
				LOCALIZATION_PREFERS_STRING_CATALOGS = YES;
				MARKETING_VERSION = 1.0;
				PRODUCT_BUNDLE_IDENTIFIER = com.nick.Clic.watch.Widgets;
				PRODUCT_NAME = "Widgets Watch";
				PROVISIONING_PROFILE_SPECIFIER = "";
				SDKROOT = watchos;
				SKIP_INSTALL = YES;
				SWIFT_EMIT_LOC_STRINGS = YES;
				SWIFT_VERSION = 5.0;
				TARGETED_DEVICE_FAMILY = 4;
				WATCHOS_DEPLOYMENT_TARGET = 10.0;
			};
			name = Release;
		};
		E9BDE57829E3396800D230A8 /* Debug */ = {
			isa = XCBuildConfiguration;
			buildSettings = {
				ALWAYS_SEARCH_USER_PATHS = NO;
				CLANG_ANALYZER_NONNULL = YES;
				CLANG_ANALYZER_NUMBER_OBJECT_CONVERSION = YES_AGGRESSIVE;
				CLANG_CXX_LANGUAGE_STANDARD = "gnu++20";
				CLANG_ENABLE_MODULES = YES;
				CLANG_ENABLE_OBJC_ARC = YES;
				CLANG_ENABLE_OBJC_WEAK = YES;
				CLANG_WARN_BLOCK_CAPTURE_AUTORELEASING = YES;
				CLANG_WARN_BOOL_CONVERSION = YES;
				CLANG_WARN_COMMA = YES;
				CLANG_WARN_CONSTANT_CONVERSION = YES;
				CLANG_WARN_DEPRECATED_OBJC_IMPLEMENTATIONS = YES;
				CLANG_WARN_DIRECT_OBJC_ISA_USAGE = YES_ERROR;
				CLANG_WARN_DOCUMENTATION_COMMENTS = YES;
				CLANG_WARN_EMPTY_BODY = YES;
				CLANG_WARN_ENUM_CONVERSION = YES;
				CLANG_WARN_INFINITE_RECURSION = YES;
				CLANG_WARN_INT_CONVERSION = YES;
				CLANG_WARN_NON_LITERAL_NULL_CONVERSION = YES;
				CLANG_WARN_OBJC_IMPLICIT_RETAIN_SELF = YES;
				CLANG_WARN_OBJC_LITERAL_CONVERSION = YES;
				CLANG_WARN_OBJC_ROOT_CLASS = YES_ERROR;
				CLANG_WARN_QUOTED_INCLUDE_IN_FRAMEWORK_HEADER = YES;
				CLANG_WARN_RANGE_LOOP_ANALYSIS = YES;
				CLANG_WARN_STRICT_PROTOTYPES = YES;
				CLANG_WARN_SUSPICIOUS_MOVE = YES;
				CLANG_WARN_UNGUARDED_AVAILABILITY = YES_AGGRESSIVE;
				CLANG_WARN_UNREACHABLE_CODE = YES;
				CLANG_WARN__DUPLICATE_METHOD_MATCH = YES;
				COPY_PHASE_STRIP = NO;
				DEBUG_INFORMATION_FORMAT = dwarf;
				ENABLE_STRICT_OBJC_MSGSEND = YES;
				ENABLE_TESTABILITY = YES;
				GCC_C_LANGUAGE_STANDARD = gnu11;
				GCC_DYNAMIC_NO_PIC = NO;
				GCC_NO_COMMON_BLOCKS = YES;
				GCC_OPTIMIZATION_LEVEL = 0;
				GCC_PREPROCESSOR_DEFINITIONS = (
					"DEBUG=1",
					"$(inherited)",
				);
				GCC_WARN_64_TO_32_BIT_CONVERSION = YES;
				GCC_WARN_ABOUT_RETURN_TYPE = YES_ERROR;
				GCC_WARN_UNDECLARED_SELECTOR = YES;
				GCC_WARN_UNINITIALIZED_AUTOS = YES_AGGRESSIVE;
				GCC_WARN_UNUSED_FUNCTION = YES;
				GCC_WARN_UNUSED_VARIABLE = YES;
				IPHONEOS_DEPLOYMENT_TARGET = 17.0;
				MTL_ENABLE_DEBUG_INFO = INCLUDE_SOURCE;
				MTL_FAST_MATH = YES;
				ONLY_ACTIVE_ARCH = YES;
				SDKROOT = iphoneos;
				SWIFT_ACTIVE_COMPILATION_CONDITIONS = DEBUG;
				SWIFT_OPTIMIZATION_LEVEL = "-Onone";
				WATCHOS_DEPLOYMENT_TARGET = 10.0;
			};
			name = Debug;
		};
		E9BDE57929E3396800D230A8 /* Release */ = {
			isa = XCBuildConfiguration;
			buildSettings = {
				ALWAYS_SEARCH_USER_PATHS = NO;
				CLANG_ANALYZER_NONNULL = YES;
				CLANG_ANALYZER_NUMBER_OBJECT_CONVERSION = YES_AGGRESSIVE;
				CLANG_CXX_LANGUAGE_STANDARD = "gnu++20";
				CLANG_ENABLE_MODULES = YES;
				CLANG_ENABLE_OBJC_ARC = YES;
				CLANG_ENABLE_OBJC_WEAK = YES;
				CLANG_WARN_BLOCK_CAPTURE_AUTORELEASING = YES;
				CLANG_WARN_BOOL_CONVERSION = YES;
				CLANG_WARN_COMMA = YES;
				CLANG_WARN_CONSTANT_CONVERSION = YES;
				CLANG_WARN_DEPRECATED_OBJC_IMPLEMENTATIONS = YES;
				CLANG_WARN_DIRECT_OBJC_ISA_USAGE = YES_ERROR;
				CLANG_WARN_DOCUMENTATION_COMMENTS = YES;
				CLANG_WARN_EMPTY_BODY = YES;
				CLANG_WARN_ENUM_CONVERSION = YES;
				CLANG_WARN_INFINITE_RECURSION = YES;
				CLANG_WARN_INT_CONVERSION = YES;
				CLANG_WARN_NON_LITERAL_NULL_CONVERSION = YES;
				CLANG_WARN_OBJC_IMPLICIT_RETAIN_SELF = YES;
				CLANG_WARN_OBJC_LITERAL_CONVERSION = YES;
				CLANG_WARN_OBJC_ROOT_CLASS = YES_ERROR;
				CLANG_WARN_QUOTED_INCLUDE_IN_FRAMEWORK_HEADER = YES;
				CLANG_WARN_RANGE_LOOP_ANALYSIS = YES;
				CLANG_WARN_STRICT_PROTOTYPES = YES;
				CLANG_WARN_SUSPICIOUS_MOVE = YES;
				CLANG_WARN_UNGUARDED_AVAILABILITY = YES_AGGRESSIVE;
				CLANG_WARN_UNREACHABLE_CODE = YES;
				CLANG_WARN__DUPLICATE_METHOD_MATCH = YES;
				COPY_PHASE_STRIP = NO;
				DEBUG_INFORMATION_FORMAT = "dwarf-with-dsym";
				ENABLE_NS_ASSERTIONS = NO;
				ENABLE_STRICT_OBJC_MSGSEND = YES;
				GCC_C_LANGUAGE_STANDARD = gnu11;
				GCC_NO_COMMON_BLOCKS = YES;
				GCC_WARN_64_TO_32_BIT_CONVERSION = YES;
				GCC_WARN_ABOUT_RETURN_TYPE = YES_ERROR;
				GCC_WARN_UNDECLARED_SELECTOR = YES;
				GCC_WARN_UNINITIALIZED_AUTOS = YES_AGGRESSIVE;
				GCC_WARN_UNUSED_FUNCTION = YES;
				GCC_WARN_UNUSED_VARIABLE = YES;
				IPHONEOS_DEPLOYMENT_TARGET = 17.0;
				MTL_ENABLE_DEBUG_INFO = NO;
				MTL_FAST_MATH = YES;
				SDKROOT = iphoneos;
				SWIFT_COMPILATION_MODE = wholemodule;
				SWIFT_OPTIMIZATION_LEVEL = "-O";
				VALIDATE_PRODUCT = YES;
				WATCHOS_DEPLOYMENT_TARGET = 10.0;
			};
			name = Release;
		};
		E9BDE57B29E3396800D230A8 /* Debug */ = {
			isa = XCBuildConfiguration;
			buildSettings = {
				ALWAYS_EMBED_SWIFT_STANDARD_LIBRARIES = YES;
				ASSETCATALOG_COMPILER_APPICON_NAME = AppIcon;
				ASSETCATALOG_COMPILER_GLOBAL_ACCENT_COLOR_NAME = AccentColor;
				CODE_SIGN_IDENTITY = "Apple Development";
				CODE_SIGN_STYLE = Automatic;
				CURRENT_PROJECT_VERSION = 1;
				DEVELOPMENT_ASSET_PATHS = "\"Clic/Preview Content\"";
				DEVELOPMENT_TEAM = Z9QV6PA2TY;
				ENABLE_PREVIEWS = YES;
				GENERATE_INFOPLIST_FILE = YES;
				INFOPLIST_FILE = Clic/Info.plist;
				INFOPLIST_KEY_NSLocalNetworkUsageDescription = "Needed to find Sonos Devices";
				INFOPLIST_KEY_NSSupportsLiveActivities = YES;
				INFOPLIST_KEY_UIApplicationSceneManifest_Generation = YES;
				INFOPLIST_KEY_UIApplicationSupportsIndirectInputEvents = YES;
				INFOPLIST_KEY_UILaunchScreen_Generation = YES;
				INFOPLIST_KEY_UISupportedInterfaceOrientations_iPad = "UIInterfaceOrientationPortrait UIInterfaceOrientationPortraitUpsideDown UIInterfaceOrientationLandscapeLeft UIInterfaceOrientationLandscapeRight";
				INFOPLIST_KEY_UISupportedInterfaceOrientations_iPhone = "UIInterfaceOrientationPortrait UIInterfaceOrientationLandscapeLeft UIInterfaceOrientationLandscapeRight";
				IPHONEOS_DEPLOYMENT_TARGET = 17.0;
				LD_RUNPATH_SEARCH_PATHS = (
					"$(inherited)",
					"@executable_path/Frameworks",
				);
				MACOSX_DEPLOYMENT_TARGET = 13.4;
				MARKETING_VERSION = 2023.1;
				PRODUCT_BUNDLE_IDENTIFIER = com.nick.Clic;
				PRODUCT_NAME = "$(TARGET_NAME)";
				PROVISIONING_PROFILE_SPECIFIER = "";
				SUPPORTED_PLATFORMS = "iphoneos iphonesimulator";
				SUPPORTS_MACCATALYST = NO;
				SUPPORTS_MAC_DESIGNED_FOR_IPHONE_IPAD = NO;
				SUPPORTS_XR_DESIGNED_FOR_IPHONE_IPAD = NO;
				SWIFT_EMIT_LOC_STRINGS = YES;
				SWIFT_VERSION = 5.0;
				TARGETED_DEVICE_FAMILY = 1;
			};
			name = Debug;
		};
		E9BDE57C29E3396800D230A8 /* Release */ = {
			isa = XCBuildConfiguration;
			buildSettings = {
				ALWAYS_EMBED_SWIFT_STANDARD_LIBRARIES = YES;
				ASSETCATALOG_COMPILER_APPICON_NAME = AppIcon;
				ASSETCATALOG_COMPILER_GLOBAL_ACCENT_COLOR_NAME = AccentColor;
				CODE_SIGN_IDENTITY = "Apple Development";
				CODE_SIGN_STYLE = Automatic;
				CURRENT_PROJECT_VERSION = 1;
				DEVELOPMENT_ASSET_PATHS = "\"Clic/Preview Content\"";
				DEVELOPMENT_TEAM = Z9QV6PA2TY;
				ENABLE_PREVIEWS = YES;
				GENERATE_INFOPLIST_FILE = YES;
				INFOPLIST_FILE = Clic/Info.plist;
				INFOPLIST_KEY_NSLocalNetworkUsageDescription = "Needed to find Sonos Devices";
				INFOPLIST_KEY_NSSupportsLiveActivities = YES;
				INFOPLIST_KEY_UIApplicationSceneManifest_Generation = YES;
				INFOPLIST_KEY_UIApplicationSupportsIndirectInputEvents = YES;
				INFOPLIST_KEY_UILaunchScreen_Generation = YES;
				INFOPLIST_KEY_UISupportedInterfaceOrientations_iPad = "UIInterfaceOrientationPortrait UIInterfaceOrientationPortraitUpsideDown UIInterfaceOrientationLandscapeLeft UIInterfaceOrientationLandscapeRight";
				INFOPLIST_KEY_UISupportedInterfaceOrientations_iPhone = "UIInterfaceOrientationPortrait UIInterfaceOrientationLandscapeLeft UIInterfaceOrientationLandscapeRight";
				IPHONEOS_DEPLOYMENT_TARGET = 17.0;
				LD_RUNPATH_SEARCH_PATHS = (
					"$(inherited)",
					"@executable_path/Frameworks",
				);
				MACOSX_DEPLOYMENT_TARGET = 13.4;
				MARKETING_VERSION = 2023.1;
				PRODUCT_BUNDLE_IDENTIFIER = com.nick.Clic;
				PRODUCT_NAME = "$(TARGET_NAME)";
				PROVISIONING_PROFILE_SPECIFIER = "";
				SUPPORTED_PLATFORMS = "iphoneos iphonesimulator";
				SUPPORTS_MACCATALYST = NO;
				SUPPORTS_MAC_DESIGNED_FOR_IPHONE_IPAD = NO;
				SUPPORTS_XR_DESIGNED_FOR_IPHONE_IPAD = NO;
				SWIFT_EMIT_LOC_STRINGS = YES;
				SWIFT_VERSION = 5.0;
				TARGETED_DEVICE_FAMILY = 1;
			};
			name = Release;
		};
		E9C03B0B2A586F6100FB9118 /* Debug */ = {
			isa = XCBuildConfiguration;
			buildSettings = {
				ALWAYS_EMBED_SWIFT_STANDARD_LIBRARIES = YES;
				ASSETCATALOG_COMPILER_APPICON_NAME = AppIcon;
				ASSETCATALOG_COMPILER_GENERATE_SWIFT_ASSET_SYMBOL_EXTENSIONS = YES;
				ASSETCATALOG_COMPILER_GLOBAL_ACCENT_COLOR_NAME = AccentColor;
				CODE_SIGN_IDENTITY = "Apple Development";
				CODE_SIGN_STYLE = Automatic;
				CURRENT_PROJECT_VERSION = 1;
				DEVELOPMENT_ASSET_PATHS = "\"Watch/Preview Content\"";
				DEVELOPMENT_TEAM = Z9QV6PA2TY;
				ENABLE_PREVIEWS = YES;
				ENABLE_USER_SCRIPT_SANDBOXING = YES;
				GCC_C_LANGUAGE_STANDARD = gnu17;
				GENERATE_INFOPLIST_FILE = YES;
				INFOPLIST_FILE = Watch/Info.plist;
				INFOPLIST_KEY_CFBundleDisplayName = Clic;
				INFOPLIST_KEY_NSLocalNetworkUsageDescription = "Needed to find Sonos Devices";
				INFOPLIST_KEY_UISupportedInterfaceOrientations = "UIInterfaceOrientationPortrait UIInterfaceOrientationPortraitUpsideDown";
				INFOPLIST_KEY_WKCompanionAppBundleIdentifier = com.nick.Clic;
				INFOPLIST_KEY_WKRunsIndependentlyOfCompanionApp = YES;
				LD_RUNPATH_SEARCH_PATHS = (
					"$(inherited)",
					"@executable_path/Frameworks",
				);
				LOCALIZATION_PREFERS_STRING_CATALOGS = YES;
				MARKETING_VERSION = 2023.1;
				PRODUCT_BUNDLE_IDENTIFIER = com.nick.Clic.watch;
				PRODUCT_NAME = "Clic Watch";
				PROVISIONING_PROFILE_SPECIFIER = "";
				SDKROOT = watchos;
				SKIP_INSTALL = YES;
				SWIFT_ACTIVE_COMPILATION_CONDITIONS = "DEBUG $(inherited)";
				SWIFT_EMIT_LOC_STRINGS = YES;
				SWIFT_VERSION = 5.0;
				TARGETED_DEVICE_FAMILY = 4;
				WATCHOS_DEPLOYMENT_TARGET = 10.0;
			};
			name = Debug;
		};
		E9C03B0C2A586F6100FB9118 /* Release */ = {
			isa = XCBuildConfiguration;
			buildSettings = {
				ALWAYS_EMBED_SWIFT_STANDARD_LIBRARIES = YES;
				ASSETCATALOG_COMPILER_APPICON_NAME = AppIcon;
				ASSETCATALOG_COMPILER_GENERATE_SWIFT_ASSET_SYMBOL_EXTENSIONS = YES;
				ASSETCATALOG_COMPILER_GLOBAL_ACCENT_COLOR_NAME = AccentColor;
				CODE_SIGN_IDENTITY = "Apple Development";
				CODE_SIGN_STYLE = Automatic;
				CURRENT_PROJECT_VERSION = 1;
				DEVELOPMENT_ASSET_PATHS = "\"Watch/Preview Content\"";
				DEVELOPMENT_TEAM = Z9QV6PA2TY;
				ENABLE_PREVIEWS = YES;
				ENABLE_USER_SCRIPT_SANDBOXING = YES;
				GCC_C_LANGUAGE_STANDARD = gnu17;
				GENERATE_INFOPLIST_FILE = YES;
				INFOPLIST_FILE = Watch/Info.plist;
				INFOPLIST_KEY_CFBundleDisplayName = Clic;
				INFOPLIST_KEY_NSLocalNetworkUsageDescription = "Needed to find Sonos Devices";
				INFOPLIST_KEY_UISupportedInterfaceOrientations = "UIInterfaceOrientationPortrait UIInterfaceOrientationPortraitUpsideDown";
				INFOPLIST_KEY_WKCompanionAppBundleIdentifier = com.nick.Clic;
				INFOPLIST_KEY_WKRunsIndependentlyOfCompanionApp = YES;
				LD_RUNPATH_SEARCH_PATHS = (
					"$(inherited)",
					"@executable_path/Frameworks",
				);
				LOCALIZATION_PREFERS_STRING_CATALOGS = YES;
				MARKETING_VERSION = 2023.1;
				PRODUCT_BUNDLE_IDENTIFIER = com.nick.Clic.watch;
				PRODUCT_NAME = "Clic Watch";
				PROVISIONING_PROFILE_SPECIFIER = "";
				SDKROOT = watchos;
				SKIP_INSTALL = YES;
				SWIFT_EMIT_LOC_STRINGS = YES;
				SWIFT_VERSION = 5.0;
				TARGETED_DEVICE_FAMILY = 4;
				WATCHOS_DEPLOYMENT_TARGET = 10.0;
			};
			name = Release;
		};
/* End XCBuildConfiguration section */

/* Begin XCConfigurationList section */
		E97C0D552A325CC6005AB0E0 /* Build configuration list for PBXNativeTarget "Widgets" */ = {
			isa = XCConfigurationList;
			buildConfigurations = (
				E97C0D562A325CC6005AB0E0 /* Debug */,
				E97C0D572A325CC6005AB0E0 /* Release */,
			);
			defaultConfigurationIsVisible = 0;
			defaultConfigurationName = Release;
		};
		E9B12B612A5F317B0008868C /* Build configuration list for PBXNativeTarget "Widgets (Watch)" */ = {
			isa = XCConfigurationList;
			buildConfigurations = (
				E9B12B622A5F317B0008868C /* Debug */,
				E9B12B632A5F317B0008868C /* Release */,
			);
			defaultConfigurationIsVisible = 0;
			defaultConfigurationName = Release;
		};
		E9BDE56729E3396700D230A8 /* Build configuration list for PBXProject "Clic" */ = {
			isa = XCConfigurationList;
			buildConfigurations = (
				E9BDE57829E3396800D230A8 /* Debug */,
				E9BDE57929E3396800D230A8 /* Release */,
			);
			defaultConfigurationIsVisible = 0;
			defaultConfigurationName = Release;
		};
		E9BDE57A29E3396800D230A8 /* Build configuration list for PBXNativeTarget "Clic" */ = {
			isa = XCConfigurationList;
			buildConfigurations = (
				E9BDE57B29E3396800D230A8 /* Debug */,
				E9BDE57C29E3396800D230A8 /* Release */,
			);
			defaultConfigurationIsVisible = 0;
			defaultConfigurationName = Release;
		};
		E9C03B0A2A586F6100FB9118 /* Build configuration list for PBXNativeTarget "Clic (Watch)" */ = {
			isa = XCConfigurationList;
			buildConfigurations = (
				E9C03B0B2A586F6100FB9118 /* Debug */,
				E9C03B0C2A586F6100FB9118 /* Release */,
			);
			defaultConfigurationIsVisible = 0;
			defaultConfigurationName = Release;
		};
/* End XCConfigurationList section */

/* Begin XCSwiftPackageProductDependency section */
		E97C0D5C2A326D25005AB0E0 /* SonosKit */ = {
			isa = XCSwiftPackageProductDependency;
			productName = SonosKit;
		};
		E9BDE57F29E33B0700D230A8 /* SonosKit */ = {
			isa = XCSwiftPackageProductDependency;
			productName = SonosKit;
		};
		E9C03B0E2A586F7E00FB9118 /* SonosKit */ = {
			isa = XCSwiftPackageProductDependency;
			productName = SonosKit;
		};
/* End XCSwiftPackageProductDependency section */
	};
	rootObject = E9BDE56429E3396700D230A8 /* Project object */;
}
