{
  "originHash" : "72c28e249bfec49cf5387dd236e32299e4598b84c3069af0affc87cd446db3c0",
  "pins" : [
    {
      "identity" : "plexkit",
      "kind" : "remoteSourceControl",
      "location" : "https://github.com/lcharlick/PlexKit.git",
      "state" : {
        "revision" : "f35120b87643fca2646383629701c736df104508",
        "version" : "1.7.1"
      }
    }
  ],
  "version" : 3
}
