{
  "originHash" : "32ce5ffc9b9ab2d30bdc16881889f3d86264d53d28d93663d97d8c58828e9f44",
  "pins" : [
    {
      "identity" : "cloudstorage",
      "kind" : "remoteSourceControl",
      "location" : "https://github.com/nonstrict-hq/CloudStorage",
      "state" : {
        "revision" : "35700218d35579df091974b6e7765db94c83448b",
        "version" : "0.4.0"
      }
    },
    {
      "identity" : "mixpanel-swift",
      "kind" : "remoteSourceControl",
      "location" : "https://github.com/mixpanel/mixpanel-swift",
      "state" : {
        "revision" : "a7bd4851ca0b04c0b6d5ba251ef9ff87e9f4d45b",
        "version" : "4.2.5"
      }
    },
    {
      "identity" : "nuke",
      "kind" : "remoteSourceControl",
      "location" : "https://github.com/kean/Nuke",
      "state" : {
        "revision" : "4625c73ea00a9fb4b4f3e28d95d0021a44af7e59",
        "version" : "12.5.0"
      }
    },
    {
      "identity" : "purchases-ios",
      "kind" : "remoteSourceControl",
      "location" : "https://github.com/RevenueCat/purchases-ios.git",
      "state" : {
        "revision" : "a9763ca482d52ea3d59aa2dfd2fc23427b02dada",
        "version" : "4.40.1"
      }
    },
    {
      "identity" : "swift-collections",
      "kind" : "remoteSourceControl",
      "location" : "https://github.com/apple/swift-collections/",
      "state" : {
        "revision" : "94cf62b3ba8d4bed62680a282d4c25f9c63c2efb",
        "version" : "1.1.0"
      }
    },
    {
      "identity" : "swxmlhash",
      "kind" : "remoteSourceControl",
      "location" : "https://github.com/drmohundro/SWXMLHash",
      "state" : {
        "revision" : "a853604c9e9a83ad9954c7e3d2a565273982471f",
        "version" : "7.0.2"
      }
    }
  ],
  "version" : 3
}
