// !$*UTF8*$!
{
	archiveVersion = 1;
	classes = {
	};
	objectVersion = 77;
	objects = {

/* Begin PBXBuildFile section */
		01A75E942C7BAA6700ADB5AD /* Preview Assets.xcassets in Resources */ = {isa = PBXBuildFile; fileRef = 01A75E8D2C7BAA6700ADB5AD /* Preview Assets.xcassets */; };
		01A75E952C7BAA6700ADB5AD /* Assets.xcassets in Resources */ = {isa = PBXBuildFile; fileRef = 01A75E8F2C7BAA6700ADB5AD /* Assets.xcassets */; };
		01A75E962C7BAA6700ADB5AD /* DeezerSearchApp.swift in Sources */ = {isa = PBXBuildFile; fileRef = 01A75E902C7BAA6700ADB5AD /* DeezerSearchApp.swift */; };
		01A75E972C7BAA6700ADB5AD /* SearchScreen.swift in Sources */ = {isa = PBXBuildFile; fileRef = 01A75E912C7BAA6700ADB5AD /* SearchScreen.swift */; };
		01A75E982C7BAA6700ADB5AD /* DeezerSearchService.swift in Sources */ = {isa = PBXBuildFile; fileRef = 01A75E922C7BAA6700ADB5AD /* DeezerSearchService.swift */; };
		01A75E9A2C7BAAB600ADB5AD /* DeezerResult.swift in Sources */ = {isa = PBXBuildFile; fileRef = 01A75E992C7BAAB300ADB5AD /* DeezerResult.swift */; };
		01A75E9D2C7BAAFC00ADB5AD /* DeezerError.swift in Sources */ = {isa = PBXBuildFile; fileRef = 01A75E9C2C7BAAFC00ADB5AD /* DeezerError.swift */; };
		01A75E9F2C7BABDE00ADB5AD /* DeezerSearchViewModel.swift in Sources */ = {isa = PBXBuildFile; fileRef = 01A75E9E2C7BABD600ADB5AD /* DeezerSearchViewModel.swift */; };
/* End PBXBuildFile section */

/* Begin PBXContainerItemProxy section */
		01A75E6E2C7BAA3700ADB5AD /* PBXContainerItemProxy */ = {
			isa = PBXContainerItemProxy;
			containerPortal = 01A75E552C7BAA3600ADB5AD /* Project object */;
			proxyType = 1;
			remoteGlobalIDString = 01A75E5C2C7BAA3600ADB5AD;
			remoteInfo = DeezerSearch;
		};
		01A75E782C7BAA3700ADB5AD /* PBXContainerItemProxy */ = {
			isa = PBXContainerItemProxy;
			containerPortal = 01A75E552C7BAA3600ADB5AD /* Project object */;
			proxyType = 1;
			remoteGlobalIDString = 01A75E5C2C7BAA3600ADB5AD;
			remoteInfo = DeezerSearch;
		};
/* End PBXContainerItemProxy section */

/* Begin PBXFileReference section */
		01A75E5D2C7BAA3600ADB5AD /* DeezerSearch.app */ = {isa = PBXFileReference; explicitFileType = wrapper.application; includeInIndex = 0; path = DeezerSearch.app; sourceTree = BUILT_PRODUCTS_DIR; };
		01A75E6D2C7BAA3700ADB5AD /* DeezerSearchTests.xctest */ = {isa = PBXFileReference; explicitFileType = wrapper.cfbundle; includeInIndex = 0; path = DeezerSearchTests.xctest; sourceTree = BUILT_PRODUCTS_DIR; };
		01A75E772C7BAA3700ADB5AD /* DeezerSearchUITests.xctest */ = {isa = PBXFileReference; explicitFileType = wrapper.cfbundle; includeInIndex = 0; path = DeezerSearchUITests.xctest; sourceTree = BUILT_PRODUCTS_DIR; };
		01A75E8D2C7BAA6700ADB5AD /* Preview Assets.xcassets */ = {isa = PBXFileReference; lastKnownFileType = folder.assetcatalog; path = "Preview Assets.xcassets"; sourceTree = "<group>"; };
		01A75E8F2C7BAA6700ADB5AD /* Assets.xcassets */ = {isa = PBXFileReference; lastKnownFileType = folder.assetcatalog; path = Assets.xcassets; sourceTree = "<group>"; };
		01A75E902C7BAA6700ADB5AD /* DeezerSearchApp.swift */ = {isa = PBXFileReference; lastKnownFileType = sourcecode.swift; path = DeezerSearchApp.swift; sourceTree = "<group>"; };
		01A75E912C7BAA6700ADB5AD /* SearchScreen.swift */ = {isa = PBXFileReference; lastKnownFileType = sourcecode.swift; path = SearchScreen.swift; sourceTree = "<group>"; };
		01A75E922C7BAA6700ADB5AD /* DeezerSearchService.swift */ = {isa = PBXFileReference; lastKnownFileType = sourcecode.swift; path = DeezerSearchService.swift; sourceTree = "<group>"; };
		01A75E992C7BAAB300ADB5AD /* DeezerResult.swift */ = {isa = PBXFileReference; lastKnownFileType = sourcecode.swift; path = DeezerResult.swift; sourceTree = "<group>"; };
		01A75E9C2C7BAAFC00ADB5AD /* DeezerError.swift */ = {isa = PBXFileReference; lastKnownFileType = sourcecode.swift; path = DeezerError.swift; sourceTree = "<group>"; };
		01A75E9E2C7BABD600ADB5AD /* DeezerSearchViewModel.swift */ = {isa = PBXFileReference; lastKnownFileType = sourcecode.swift; path = DeezerSearchViewModel.swift; sourceTree = "<group>"; };
/* End PBXFileReference section */

/* Begin PBXFileSystemSynchronizedRootGroup section */
		01A75E702C7BAA3700ADB5AD /* DeezerSearchTests */ = {
			isa = PBXFileSystemSynchronizedRootGroup;
			path = DeezerSearchTests;
			sourceTree = "<group>";
		};
		01A75E7A2C7BAA3700ADB5AD /* DeezerSearchUITests */ = {
			isa = PBXFileSystemSynchronizedRootGroup;
			path = DeezerSearchUITests;
			sourceTree = "<group>";
		};
/* End PBXFileSystemSynchronizedRootGroup section */

/* Begin PBXFrameworksBuildPhase section */
		01A75E5A2C7BAA3600ADB5AD /* Frameworks */ = {
			isa = PBXFrameworksBuildPhase;
			buildActionMask = 2147483647;
			files = (
			);
			runOnlyForDeploymentPostprocessing = 0;
		};
		01A75E6A2C7BAA3700ADB5AD /* Frameworks */ = {
			isa = PBXFrameworksBuildPhase;
			buildActionMask = 2147483647;
			files = (
			);
			runOnlyForDeploymentPostprocessing = 0;
		};
		01A75E742C7BAA3700ADB5AD /* Frameworks */ = {
			isa = PBXFrameworksBuildPhase;
			buildActionMask = 2147483647;
			files = (
			);
			runOnlyForDeploymentPostprocessing = 0;
		};
/* End PBXFrameworksBuildPhase section */

/* Begin PBXGroup section */
		01A75E542C7BAA3600ADB5AD = {
			isa = PBXGroup;
			children = (
				01A75E932C7BAA6700ADB5AD /* DeezerSearch */,
				01A75E702C7BAA3700ADB5AD /* DeezerSearchTests */,
				01A75E7A2C7BAA3700ADB5AD /* DeezerSearchUITests */,
				01A75E5E2C7BAA3600ADB5AD /* Products */,
			);
			sourceTree = "<group>";
		};
		01A75E5E2C7BAA3600ADB5AD /* Products */ = {
			isa = PBXGroup;
			children = (
				01A75E5D2C7BAA3600ADB5AD /* DeezerSearch.app */,
				01A75E6D2C7BAA3700ADB5AD /* DeezerSearchTests.xctest */,
				01A75E772C7BAA3700ADB5AD /* DeezerSearchUITests.xctest */,
			);
			name = Products;
			sourceTree = "<group>";
		};
		01A75E8E2C7BAA6700ADB5AD /* Preview Content */ = {
			isa = PBXGroup;
			children = (
				01A75E8D2C7BAA6700ADB5AD /* Preview Assets.xcassets */,
			);
			path = "Preview Content";
			sourceTree = "<group>";
		};
		01A75E932C7BAA6700ADB5AD /* DeezerSearch */ = {
			isa = PBXGroup;
			children = (
				01A75E8E2C7BAA6700ADB5AD /* Preview Content */,
				01A75E8F2C7BAA6700ADB5AD /* Assets.xcassets */,
				01A75E902C7BAA6700ADB5AD /* DeezerSearchApp.swift */,
				01A75E912C7BAA6700ADB5AD /* SearchScreen.swift */,
				01A75E922C7BAA6700ADB5AD /* DeezerSearchService.swift */,
				01A75E9E2C7BABD600ADB5AD /* DeezerSearchViewModel.swift */,
				01A75E9B2C7BAABA00ADB5AD /* Models */,
			);
			path = DeezerSearch;
			sourceTree = "<group>";
		};
		01A75E9B2C7BAABA00ADB5AD /* Models */ = {
			isa = PBXGroup;
			children = (
				01A75E992C7BAAB300ADB5AD /* DeezerResult.swift */,
				01A75E9C2C7BAAFC00ADB5AD /* DeezerError.swift */,
			);
			path = Models;
			sourceTree = "<group>";
		};
/* End PBXGroup section */

/* Begin PBXNativeTarget section */
		01A75E5C2C7BAA3600ADB5AD /* DeezerSearch */ = {
			isa = PBXNativeTarget;
			buildConfigurationList = 01A75E812C7BAA3700ADB5AD /* Build configuration list for PBXNativeTarget "DeezerSearch" */;
			buildPhases = (
				01A75E592C7BAA3600ADB5AD /* Sources */,
				01A75E5A2C7BAA3600ADB5AD /* Frameworks */,
				01A75E5B2C7BAA3600ADB5AD /* Resources */,
			);
			buildRules = (
			);
			dependencies = (
			);
			name = DeezerSearch;
			packageProductDependencies = (
			);
			productName = DeezerSearch;
			productReference = 01A75E5D2C7BAA3600ADB5AD /* DeezerSearch.app */;
			productType = "com.apple.product-type.application";
		};
		01A75E6C2C7BAA3700ADB5AD /* DeezerSearchTests */ = {
			isa = PBXNativeTarget;
			buildConfigurationList = 01A75E842C7BAA3700ADB5AD /* Build configuration list for PBXNativeTarget "DeezerSearchTests" */;
			buildPhases = (
				01A75E692C7BAA3700ADB5AD /* Sources */,
				01A75E6A2C7BAA3700ADB5AD /* Frameworks */,
				01A75E6B2C7BAA3700ADB5AD /* Resources */,
			);
			buildRules = (
			);
			dependencies = (
				01A75E6F2C7BAA3700ADB5AD /* PBXTargetDependency */,
			);
			fileSystemSynchronizedGroups = (
				01A75E702C7BAA3700ADB5AD /* DeezerSearchTests */,
			);
			name = DeezerSearchTests;
			packageProductDependencies = (
			);
			productName = DeezerSearchTests;
			productReference = 01A75E6D2C7BAA3700ADB5AD /* DeezerSearchTests.xctest */;
			productType = "com.apple.product-type.bundle.unit-test";
		};
		01A75E762C7BAA3700ADB5AD /* DeezerSearchUITests */ = {
			isa = PBXNativeTarget;
			buildConfigurationList = 01A75E872C7BAA3700ADB5AD /* Build configuration list for PBXNativeTarget "DeezerSearchUITests" */;
			buildPhases = (
				01A75E732C7BAA3700ADB5AD /* Sources */,
				01A75E742C7BAA3700ADB5AD /* Frameworks */,
				01A75E752C7BAA3700ADB5AD /* Resources */,
			);
			buildRules = (
			);
			dependencies = (
				01A75E792C7BAA3700ADB5AD /* PBXTargetDependency */,
			);
			fileSystemSynchronizedGroups = (
				01A75E7A2C7BAA3700ADB5AD /* DeezerSearchUITests */,
			);
			name = DeezerSearchUITests;
			packageProductDependencies = (
			);
			productName = DeezerSearchUITests;
			productReference = 01A75E772C7BAA3700ADB5AD /* DeezerSearchUITests.xctest */;
			productType = "com.apple.product-type.bundle.ui-testing";
		};
/* End PBXNativeTarget section */

/* Begin PBXProject section */
		01A75E552C7BAA3600ADB5AD /* Project object */ = {
			isa = PBXProject;
			attributes = {
				BuildIndependentTargetsInParallel = 1;
				LastSwiftUpdateCheck = 1600;
				LastUpgradeCheck = 1600;
				TargetAttributes = {
					01A75E5C2C7BAA3600ADB5AD = {
						CreatedOnToolsVersion = 16.0;
					};
					01A75E6C2C7BAA3700ADB5AD = {
						CreatedOnToolsVersion = 16.0;
						TestTargetID = 01A75E5C2C7BAA3600ADB5AD;
					};
					01A75E762C7BAA3700ADB5AD = {
						CreatedOnToolsVersion = 16.0;
						TestTargetID = 01A75E5C2C7BAA3600ADB5AD;
					};
				};
			};
			buildConfigurationList = 01A75E582C7BAA3600ADB5AD /* Build configuration list for PBXProject "DeezerSearch" */;
			developmentRegion = en;
			hasScannedForEncodings = 0;
			knownRegions = (
				en,
				Base,
			);
			mainGroup = 01A75E542C7BAA3600ADB5AD;
			minimizedProjectReferenceProxies = 1;
			preferredProjectObjectVersion = 77;
			productRefGroup = 01A75E5E2C7BAA3600ADB5AD /* Products */;
			projectDirPath = "";
			projectRoot = "";
			targets = (
				01A75E5C2C7BAA3600ADB5AD /* DeezerSearch */,
				01A75E6C2C7BAA3700ADB5AD /* DeezerSearchTests */,
				01A75E762C7BAA3700ADB5AD /* DeezerSearchUITests */,
			);
		};
/* End PBXProject section */

/* Begin PBXResourcesBuildPhase section */
		01A75E5B2C7BAA3600ADB5AD /* Resources */ = {
			isa = PBXResourcesBuildPhase;
			buildActionMask = 2147483647;
			files = (
				01A75E942C7BAA6700ADB5AD /* Preview Assets.xcassets in Resources */,
				01A75E952C7BAA6700ADB5AD /* Assets.xcassets in Resources */,
			);
			runOnlyForDeploymentPostprocessing = 0;
		};
		01A75E6B2C7BAA3700ADB5AD /* Resources */ = {
			isa = PBXResourcesBuildPhase;
			buildActionMask = 2147483647;
			files = (
			);
			runOnlyForDeploymentPostprocessing = 0;
		};
		01A75E752C7BAA3700ADB5AD /* Resources */ = {
			isa = PBXResourcesBuildPhase;
			buildActionMask = 2147483647;
			files = (
			);
			runOnlyForDeploymentPostprocessing = 0;
		};
/* End PBXResourcesBuildPhase section */

/* Begin PBXSourcesBuildPhase section */
		01A75E592C7BAA3600ADB5AD /* Sources */ = {
			isa = PBXSourcesBuildPhase;
			buildActionMask = 2147483647;
			files = (
				01A75E962C7BAA6700ADB5AD /* DeezerSearchApp.swift in Sources */,
				01A75E9D2C7BAAFC00ADB5AD /* DeezerError.swift in Sources */,
				01A75E972C7BAA6700ADB5AD /* SearchScreen.swift in Sources */,
				01A75E9F2C7BABDE00ADB5AD /* DeezerSearchViewModel.swift in Sources */,
				01A75E982C7BAA6700ADB5AD /* DeezerSearchService.swift in Sources */,
				01A75E9A2C7BAAB600ADB5AD /* DeezerResult.swift in Sources */,
			);
			runOnlyForDeploymentPostprocessing = 0;
		};
		01A75E692C7BAA3700ADB5AD /* Sources */ = {
			isa = PBXSourcesBuildPhase;
			buildActionMask = 2147483647;
			files = (
			);
			runOnlyForDeploymentPostprocessing = 0;
		};
		01A75E732C7BAA3700ADB5AD /* Sources */ = {
			isa = PBXSourcesBuildPhase;
			buildActionMask = 2147483647;
			files = (
			);
			runOnlyForDeploymentPostprocessing = 0;
		};
/* End PBXSourcesBuildPhase section */

/* Begin PBXTargetDependency section */
		01A75E6F2C7BAA3700ADB5AD /* PBXTargetDependency */ = {
			isa = PBXTargetDependency;
			target = 01A75E5C2C7BAA3600ADB5AD /* DeezerSearch */;
			targetProxy = 01A75E6E2C7BAA3700ADB5AD /* PBXContainerItemProxy */;
		};
		01A75E792C7BAA3700ADB5AD /* PBXTargetDependency */ = {
			isa = PBXTargetDependency;
			target = 01A75E5C2C7BAA3600ADB5AD /* DeezerSearch */;
			targetProxy = 01A75E782C7BAA3700ADB5AD /* PBXContainerItemProxy */;
		};
/* End PBXTargetDependency section */

/* Begin XCBuildConfiguration section */
		01A75E7F2C7BAA3700ADB5AD /* Debug */ = {
			isa = XCBuildConfiguration;
			buildSettings = {
				ALWAYS_SEARCH_USER_PATHS = NO;
				ASSETCATALOG_COMPILER_GENERATE_SWIFT_ASSET_SYMBOL_EXTENSIONS = YES;
				CLANG_ANALYZER_NONNULL = YES;
				CLANG_ANALYZER_NUMBER_OBJECT_CONVERSION = YES_AGGRESSIVE;
				CLANG_CXX_LANGUAGE_STANDARD = "gnu++20";
				CLANG_ENABLE_MODULES = YES;
				CLANG_ENABLE_OBJC_ARC = YES;
				CLANG_ENABLE_OBJC_WEAK = YES;
				CLANG_WARN_BLOCK_CAPTURE_AUTORELEASING = YES;
				CLANG_WARN_BOOL_CONVERSION = YES;
				CLANG_WARN_COMMA = YES;
				CLANG_WARN_CONSTANT_CONVERSION = YES;
				CLANG_WARN_DEPRECATED_OBJC_IMPLEMENTATIONS = YES;
				CLANG_WARN_DIRECT_OBJC_ISA_USAGE = YES_ERROR;
				CLANG_WARN_DOCUMENTATION_COMMENTS = YES;
				CLANG_WARN_EMPTY_BODY = YES;
				CLANG_WARN_ENUM_CONVERSION = YES;
				CLANG_WARN_INFINITE_RECURSION = YES;
				CLANG_WARN_INT_CONVERSION = YES;
				CLANG_WARN_NON_LITERAL_NULL_CONVERSION = YES;
				CLANG_WARN_OBJC_IMPLICIT_RETAIN_SELF = YES;
				CLANG_WARN_OBJC_LITERAL_CONVERSION = YES;
				CLANG_WARN_OBJC_ROOT_CLASS = YES_ERROR;
				CLANG_WARN_QUOTED_INCLUDE_IN_FRAMEWORK_HEADER = YES;
				CLANG_WARN_RANGE_LOOP_ANALYSIS = YES;
				CLANG_WARN_STRICT_PROTOTYPES = YES;
				CLANG_WARN_SUSPICIOUS_MOVE = YES;
				CLANG_WARN_UNGUARDED_AVAILABILITY = YES_AGGRESSIVE;
				CLANG_WARN_UNREACHABLE_CODE = YES;
				CLANG_WARN__DUPLICATE_METHOD_MATCH = YES;
				COPY_PHASE_STRIP = NO;
				DEBUG_INFORMATION_FORMAT = dwarf;
				ENABLE_STRICT_OBJC_MSGSEND = YES;
				ENABLE_TESTABILITY = YES;
				ENABLE_USER_SCRIPT_SANDBOXING = YES;
				GCC_C_LANGUAGE_STANDARD = gnu17;
				GCC_DYNAMIC_NO_PIC = NO;
				GCC_NO_COMMON_BLOCKS = YES;
				GCC_OPTIMIZATION_LEVEL = 0;
				GCC_PREPROCESSOR_DEFINITIONS = (
					"DEBUG=1",
					"$(inherited)",
				);
				GCC_WARN_64_TO_32_BIT_CONVERSION = YES;
				GCC_WARN_ABOUT_RETURN_TYPE = YES_ERROR;
				GCC_WARN_UNDECLARED_SELECTOR = YES;
				GCC_WARN_UNINITIALIZED_AUTOS = YES_AGGRESSIVE;
				GCC_WARN_UNUSED_FUNCTION = YES;
				GCC_WARN_UNUSED_VARIABLE = YES;
				IPHONEOS_DEPLOYMENT_TARGET = 18.0;
				LOCALIZATION_PREFERS_STRING_CATALOGS = YES;
				MTL_ENABLE_DEBUG_INFO = INCLUDE_SOURCE;
				MTL_FAST_MATH = YES;
				ONLY_ACTIVE_ARCH = YES;
				SDKROOT = iphoneos;
				SWIFT_ACTIVE_COMPILATION_CONDITIONS = "DEBUG $(inherited)";
				SWIFT_OPTIMIZATION_LEVEL = "-Onone";
			};
			name = Debug;
		};
		01A75E802C7BAA3700ADB5AD /* Release */ = {
			isa = XCBuildConfiguration;
			buildSettings = {
				ALWAYS_SEARCH_USER_PATHS = NO;
				ASSETCATALOG_COMPILER_GENERATE_SWIFT_ASSET_SYMBOL_EXTENSIONS = YES;
				CLANG_ANALYZER_NONNULL = YES;
				CLANG_ANALYZER_NUMBER_OBJECT_CONVERSION = YES_AGGRESSIVE;
				CLANG_CXX_LANGUAGE_STANDARD = "gnu++20";
				CLANG_ENABLE_MODULES = YES;
				CLANG_ENABLE_OBJC_ARC = YES;
				CLANG_ENABLE_OBJC_WEAK = YES;
				CLANG_WARN_BLOCK_CAPTURE_AUTORELEASING = YES;
				CLANG_WARN_BOOL_CONVERSION = YES;
				CLANG_WARN_COMMA = YES;
				CLANG_WARN_CONSTANT_CONVERSION = YES;
				CLANG_WARN_DEPRECATED_OBJC_IMPLEMENTATIONS = YES;
				CLANG_WARN_DIRECT_OBJC_ISA_USAGE = YES_ERROR;
				CLANG_WARN_DOCUMENTATION_COMMENTS = YES;
				CLANG_WARN_EMPTY_BODY = YES;
				CLANG_WARN_ENUM_CONVERSION = YES;
				CLANG_WARN_INFINITE_RECURSION = YES;
				CLANG_WARN_INT_CONVERSION = YES;
				CLANG_WARN_NON_LITERAL_NULL_CONVERSION = YES;
				CLANG_WARN_OBJC_IMPLICIT_RETAIN_SELF = YES;
				CLANG_WARN_OBJC_LITERAL_CONVERSION = YES;
				CLANG_WARN_OBJC_ROOT_CLASS = YES_ERROR;
				CLANG_WARN_QUOTED_INCLUDE_IN_FRAMEWORK_HEADER = YES;
				CLANG_WARN_RANGE_LOOP_ANALYSIS = YES;
				CLANG_WARN_STRICT_PROTOTYPES = YES;
				CLANG_WARN_SUSPICIOUS_MOVE = YES;
				CLANG_WARN_UNGUARDED_AVAILABILITY = YES_AGGRESSIVE;
				CLANG_WARN_UNREACHABLE_CODE = YES;
				CLANG_WARN__DUPLICATE_METHOD_MATCH = YES;
				COPY_PHASE_STRIP = NO;
				DEBUG_INFORMATION_FORMAT = "dwarf-with-dsym";
				ENABLE_NS_ASSERTIONS = NO;
				ENABLE_STRICT_OBJC_MSGSEND = YES;
				ENABLE_USER_SCRIPT_SANDBOXING = YES;
				GCC_C_LANGUAGE_STANDARD = gnu17;
				GCC_NO_COMMON_BLOCKS = YES;
				GCC_WARN_64_TO_32_BIT_CONVERSION = YES;
				GCC_WARN_ABOUT_RETURN_TYPE = YES_ERROR;
				GCC_WARN_UNDECLARED_SELECTOR = YES;
				GCC_WARN_UNINITIALIZED_AUTOS = YES_AGGRESSIVE;
				GCC_WARN_UNUSED_FUNCTION = YES;
				GCC_WARN_UNUSED_VARIABLE = YES;
				IPHONEOS_DEPLOYMENT_TARGET = 18.0;
				LOCALIZATION_PREFERS_STRING_CATALOGS = YES;
				MTL_ENABLE_DEBUG_INFO = NO;
				MTL_FAST_MATH = YES;
				SDKROOT = iphoneos;
				SWIFT_COMPILATION_MODE = wholemodule;
				VALIDATE_PRODUCT = YES;
			};
			name = Release;
		};
		01A75E822C7BAA3700ADB5AD /* Debug */ = {
			isa = XCBuildConfiguration;
			buildSettings = {
				ASSETCATALOG_COMPILER_APPICON_NAME = AppIcon;
				ASSETCATALOG_COMPILER_GLOBAL_ACCENT_COLOR_NAME = AccentColor;
				CODE_SIGN_STYLE = Automatic;
				CURRENT_PROJECT_VERSION = 1;
				DEVELOPMENT_ASSET_PATHS = "\"DeezerSearch/Preview Content\"";
				DEVELOPMENT_TEAM = Z9QV6PA2TY;
				ENABLE_PREVIEWS = YES;
				GENERATE_INFOPLIST_FILE = YES;
				INFOPLIST_KEY_UIApplicationSceneManifest_Generation = YES;
				INFOPLIST_KEY_UIApplicationSupportsIndirectInputEvents = YES;
				INFOPLIST_KEY_UILaunchScreen_Generation = YES;
				INFOPLIST_KEY_UISupportedInterfaceOrientations_iPad = "UIInterfaceOrientationPortrait UIInterfaceOrientationPortraitUpsideDown UIInterfaceOrientationLandscapeLeft UIInterfaceOrientationLandscapeRight";
				INFOPLIST_KEY_UISupportedInterfaceOrientations_iPhone = "UIInterfaceOrientationPortrait UIInterfaceOrientationLandscapeLeft UIInterfaceOrientationLandscapeRight";
				LD_RUNPATH_SEARCH_PATHS = (
					"$(inherited)",
					"@executable_path/Frameworks",
				);
				MARKETING_VERSION = 1.0;
				PRODUCT_BUNDLE_IDENTIFIER = com.nick.DeezerSearch;
				PRODUCT_NAME = "$(TARGET_NAME)";
				SWIFT_EMIT_LOC_STRINGS = YES;
				SWIFT_VERSION = 5.0;
				TARGETED_DEVICE_FAMILY = "1,2";
			};
			name = Debug;
		};
		01A75E832C7BAA3700ADB5AD /* Release */ = {
			isa = XCBuildConfiguration;
			buildSettings = {
				ASSETCATALOG_COMPILER_APPICON_NAME = AppIcon;
				ASSETCATALOG_COMPILER_GLOBAL_ACCENT_COLOR_NAME = AccentColor;
				CODE_SIGN_STYLE = Automatic;
				CURRENT_PROJECT_VERSION = 1;
				DEVELOPMENT_ASSET_PATHS = "\"DeezerSearch/Preview Content\"";
				DEVELOPMENT_TEAM = Z9QV6PA2TY;
				ENABLE_PREVIEWS = YES;
				GENERATE_INFOPLIST_FILE = YES;
				INFOPLIST_KEY_UIApplicationSceneManifest_Generation = YES;
				INFOPLIST_KEY_UIApplicationSupportsIndirectInputEvents = YES;
				INFOPLIST_KEY_UILaunchScreen_Generation = YES;
				INFOPLIST_KEY_UISupportedInterfaceOrientations_iPad = "UIInterfaceOrientationPortrait UIInterfaceOrientationPortraitUpsideDown UIInterfaceOrientationLandscapeLeft UIInterfaceOrientationLandscapeRight";
				INFOPLIST_KEY_UISupportedInterfaceOrientations_iPhone = "UIInterfaceOrientationPortrait UIInterfaceOrientationLandscapeLeft UIInterfaceOrientationLandscapeRight";
				LD_RUNPATH_SEARCH_PATHS = (
					"$(inherited)",
					"@executable_path/Frameworks",
				);
				MARKETING_VERSION = 1.0;
				PRODUCT_BUNDLE_IDENTIFIER = com.nick.DeezerSearch;
				PRODUCT_NAME = "$(TARGET_NAME)";
				SWIFT_EMIT_LOC_STRINGS = YES;
				SWIFT_VERSION = 5.0;
				TARGETED_DEVICE_FAMILY = "1,2";
			};
			name = Release;
		};
		01A75E852C7BAA3700ADB5AD /* Debug */ = {
			isa = XCBuildConfiguration;
			buildSettings = {
				BUNDLE_LOADER = "$(TEST_HOST)";
				CODE_SIGN_STYLE = Automatic;
				CURRENT_PROJECT_VERSION = 1;
				DEVELOPMENT_TEAM = Z9QV6PA2TY;
				GENERATE_INFOPLIST_FILE = YES;
				IPHONEOS_DEPLOYMENT_TARGET = 18.0;
				MARKETING_VERSION = 1.0;
				PRODUCT_BUNDLE_IDENTIFIER = com.nick.DeezerSearchTests;
				PRODUCT_NAME = "$(TARGET_NAME)";
				SWIFT_EMIT_LOC_STRINGS = NO;
				SWIFT_VERSION = 5.0;
				TARGETED_DEVICE_FAMILY = "1,2";
				TEST_HOST = "$(BUILT_PRODUCTS_DIR)/DeezerSearch.app/$(BUNDLE_EXECUTABLE_FOLDER_PATH)/DeezerSearch";
			};
			name = Debug;
		};
		01A75E862C7BAA3700ADB5AD /* Release */ = {
			isa = XCBuildConfiguration;
			buildSettings = {
				BUNDLE_LOADER = "$(TEST_HOST)";
				CODE_SIGN_STYLE = Automatic;
				CURRENT_PROJECT_VERSION = 1;
				DEVELOPMENT_TEAM = Z9QV6PA2TY;
				GENERATE_INFOPLIST_FILE = YES;
				IPHONEOS_DEPLOYMENT_TARGET = 18.0;
				MARKETING_VERSION = 1.0;
				PRODUCT_BUNDLE_IDENTIFIER = com.nick.DeezerSearchTests;
				PRODUCT_NAME = "$(TARGET_NAME)";
				SWIFT_EMIT_LOC_STRINGS = NO;
				SWIFT_VERSION = 5.0;
				TARGETED_DEVICE_FAMILY = "1,2";
				TEST_HOST = "$(BUILT_PRODUCTS_DIR)/DeezerSearch.app/$(BUNDLE_EXECUTABLE_FOLDER_PATH)/DeezerSearch";
			};
			name = Release;
		};
		01A75E882C7BAA3700ADB5AD /* Debug */ = {
			isa = XCBuildConfiguration;
			buildSettings = {
				CODE_SIGN_STYLE = Automatic;
				CURRENT_PROJECT_VERSION = 1;
				DEVELOPMENT_TEAM = Z9QV6PA2TY;
				GENERATE_INFOPLIST_FILE = YES;
				MARKETING_VERSION = 1.0;
				PRODUCT_BUNDLE_IDENTIFIER = com.nick.DeezerSearchUITests;
				PRODUCT_NAME = "$(TARGET_NAME)";
				SWIFT_EMIT_LOC_STRINGS = NO;
				SWIFT_VERSION = 5.0;
				TARGETED_DEVICE_FAMILY = "1,2";
				TEST_TARGET_NAME = DeezerSearch;
			};
			name = Debug;
		};
		01A75E892C7BAA3700ADB5AD /* Release */ = {
			isa = XCBuildConfiguration;
			buildSettings = {
				CODE_SIGN_STYLE = Automatic;
				CURRENT_PROJECT_VERSION = 1;
				DEVELOPMENT_TEAM = Z9QV6PA2TY;
				GENERATE_INFOPLIST_FILE = YES;
				MARKETING_VERSION = 1.0;
				PRODUCT_BUNDLE_IDENTIFIER = com.nick.DeezerSearchUITests;
				PRODUCT_NAME = "$(TARGET_NAME)";
				SWIFT_EMIT_LOC_STRINGS = NO;
				SWIFT_VERSION = 5.0;
				TARGETED_DEVICE_FAMILY = "1,2";
				TEST_TARGET_NAME = DeezerSearch;
			};
			name = Release;
		};
/* End XCBuildConfiguration section */

/* Begin XCConfigurationList section */
		01A75E582C7BAA3600ADB5AD /* Build configuration list for PBXProject "DeezerSearch" */ = {
			isa = XCConfigurationList;
			buildConfigurations = (
				01A75E7F2C7BAA3700ADB5AD /* Debug */,
				01A75E802C7BAA3700ADB5AD /* Release */,
			);
			defaultConfigurationIsVisible = 0;
			defaultConfigurationName = Release;
		};
		01A75E812C7BAA3700ADB5AD /* Build configuration list for PBXNativeTarget "DeezerSearch" */ = {
			isa = XCConfigurationList;
			buildConfigurations = (
				01A75E822C7BAA3700ADB5AD /* Debug */,
				01A75E832C7BAA3700ADB5AD /* Release */,
			);
			defaultConfigurationIsVisible = 0;
			defaultConfigurationName = Release;
		};
		01A75E842C7BAA3700ADB5AD /* Build configuration list for PBXNativeTarget "DeezerSearchTests" */ = {
			isa = XCConfigurationList;
			buildConfigurations = (
				01A75E852C7BAA3700ADB5AD /* Debug */,
				01A75E862C7BAA3700ADB5AD /* Release */,
			);
			defaultConfigurationIsVisible = 0;
			defaultConfigurationName = Release;
		};
		01A75E872C7BAA3700ADB5AD /* Build configuration list for PBXNativeTarget "DeezerSearchUITests" */ = {
			isa = XCConfigurationList;
			buildConfigurations = (
				01A75E882C7BAA3700ADB5AD /* Debug */,
				01A75E892C7BAA3700ADB5AD /* Release */,
			);
			defaultConfigurationIsVisible = 0;
			defaultConfigurationName = Release;
		};
/* End XCConfigurationList section */
	};
	rootObject = 01A75E552C7BAA3600ADB5AD /* Project object */;
}
